// !$*UTF8*$!
{
	archiveVersion = 1;
	classes = {
	};
	objectVersion = 46;
	objects = {

/* Begin PBXBuildFile section */
		423B41971B3740BC00BA52CA /* OTHTTPDownloadRequest.m in Sources */ = {isa = PBXBuildFile; fileRef = 423B41941B3740BC00BA52CA /* OTHTTPDownloadRequest.m */; };
		423B41981B3740BC00BA52CA /* OTHTTPRequest.m in Sources */ = {isa = PBXBuildFile; fileRef = 423B41961B3740BC00BA52CA /* OTHTTPRequest.m */; };
		423B419C1B37B38000BA52CA /* SMSandboxPath.m in Sources */ = {isa = PBXBuildFile; fileRef = 423B419B1B37B38000BA52CA /* SMSandboxPath.m */; };
		423B41A51B383D2300BA52CA /* blacklist.pac in Resources */ = {isa = PBXBuildFile; fileRef = 423B41A31B383D2300BA52CA /* blacklist.pac */; };
		423B41A61B383D2300BA52CA /* whitelist.pac in Resources */ = {isa = PBXBuildFile; fileRef = 423B41A41B383D2300BA52CA /* whitelist.pac */; };
		423B41AA1B38462500BA52CA /* SMUserProxySettingsManager.m in Sources */ = {isa = PBXBuildFile; fileRef = 423B41A91B38462500BA52CA /* SMUserProxySettingsManager.m */; };
		4250732F1B3FC5B800C355DE /* SMPacFileDownloadManager.m in Sources */ = {isa = PBXBuildFile; fileRef = 425073281B3FC5B800C355DE /* SMPacFileDownloadManager.m */; };
		425073301B3FC5B800C355DE /* SMSystemPreferenceManager.m in Sources */ = {isa = PBXBuildFile; fileRef = 4250732B1B3FC5B800C355DE /* SMSystemPreferenceManager.m */; };
		425073311B3FC5B800C355DE /* SMWebServerManager.m in Sources */ = {isa = PBXBuildFile; fileRef = 4250732E1B3FC5B800C355DE /* SMWebServerManager.m */; };
		4256676B1B4433F60009980E /* SMFileSystemObserver.m in Sources */ = {isa = PBXBuildFile; fileRef = 4256676A1B4433F60009980E /* SMFileSystemObserver.m */; };
		425667731B44347C0009980E /* SCEvent.m in Sources */ = {isa = PBXBuildFile; fileRef = 4256676F1B44347C0009980E /* SCEvent.m */; settings = {COMPILER_FLAGS = "-fno-objc-arc"; }; };
		425667741B44347C0009980E /* SCEvents.m in Sources */ = {isa = PBXBuildFile; fileRef = 425667721B44347C0009980E /* SCEvents.m */; settings = {COMPILER_FLAGS = "-fno-objc-arc"; }; };
		425667781B4434B00009980E /* NSMutableArray+WeakReferences.m in Sources */ = {isa = PBXBuildFile; fileRef = 425667771B4434B00009980E /* NSMutableArray+WeakReferences.m */; };
		4262AF211AD17ADF00C54A2A /* ServerConfigView.xib in Resources */ = {isa = PBXBuildFile; fileRef = 4262AF201AD17ADF00C54A2A /* ServerConfigView.xib */; };
		4262B8FD1B3B14A800C9430C /* StatusBarPawIcon.png in Resources */ = {isa = PBXBuildFile; fileRef = 4262B8FB1B3B14A800C9430C /* StatusBarPawIcon.png */; };
		4262B8FE1B3B14A800C9430C /* StatusBarPawIcon@2x.png in Resources */ = {isa = PBXBuildFile; fileRef = 4262B8FC1B3B14A800C9430C /* StatusBarPawIcon@2x.png */; };
		427237B71AD7B01F00BC072D /* ServerListGreenLight.png in Resources */ = {isa = PBXBuildFile; fileRef = 427237B11AD7B01F00BC072D /* ServerListGreenLight.png */; };
		427237B81AD7B01F00BC072D /* ServerListGreenLight@2x.png in Resources */ = {isa = PBXBuildFile; fileRef = 427237B21AD7B01F00BC072D /* ServerListGreenLight@2x.png */; };
		427237B91AD7B01F00BC072D /* ServerListRedLight.png in Resources */ = {isa = PBXBuildFile; fileRef = 427237B31AD7B01F00BC072D /* ServerListRedLight.png */; };
		427237BA1AD7B01F00BC072D /* ServerListRedLight@2x.png in Resources */ = {isa = PBXBuildFile; fileRef = 427237B41AD7B01F00BC072D /* ServerListRedLight@2x.png */; };
		427237BB1AD7B01F00BC072D /* ServerListYellowLight.png in Resources */ = {isa = PBXBuildFile; fileRef = 427237B51AD7B01F00BC072D /* ServerListYellowLight.png */; };
		427237BC1AD7B01F00BC072D /* ServerListYellowLight@2x.png in Resources */ = {isa = PBXBuildFile; fileRef = 427237B61AD7B01F00BC072D /* ServerListYellowLight@2x.png */; };
		42840D8B1B2981040015DA34 /* NSView+Vibrancy.m in Sources */ = {isa = PBXBuildFile; fileRef = 42840D731B2981040015DA34 /* NSView+Vibrancy.m */; };
		42840D8C1B2981040015DA34 /* SMUserEventDetectingTableView.m in Sources */ = {isa = PBXBuildFile; fileRef = 42840D761B2981040015DA34 /* SMUserEventDetectingTableView.m */; };
		42840D8D1B2981040015DA34 /* SMOnlyIntegerNumberFormatter.m in Sources */ = {isa = PBXBuildFile; fileRef = 42840D791B2981040015DA34 /* SMOnlyIntegerNumberFormatter.m */; };
		42840D8E1B2981040015DA34 /* SMUUIDHelper.m in Sources */ = {isa = PBXBuildFile; fileRef = 42840D7C1B2981040015DA34 /* SMUUIDHelper.m */; };
		42840D901B2981040015DA34 /* SMServerConfig.m in Sources */ = {isa = PBXBuildFile; fileRef = 42840D831B2981040015DA34 /* SMServerConfig.m */; };
		42840D911B2981040015DA34 /* SMServerConfigStorage.m in Sources */ = {isa = PBXBuildFile; fileRef = 42840D851B2981040015DA34 /* SMServerConfigStorage.m */; };
		42840D921B2981040015DA34 /* SMSSHTask.m in Sources */ = {isa = PBXBuildFile; fileRef = 42840D881B2981040015DA34 /* SMSSHTask.m */; };
		42840D931B2981040015DA34 /* SMSSHTaskManager.m in Sources */ = {isa = PBXBuildFile; fileRef = 42840D8A1B2981040015DA34 /* SMSSHTaskManager.m */; };
		42840D9E1B2981630015DA34 /* SMServerConfigSplitController.m in Sources */ = {isa = PBXBuildFile; fileRef = 42840D971B2981630015DA34 /* SMServerConfigSplitController.m */; };
		42840D9F1B2981630015DA34 /* SMServerConfigView.m in Sources */ = {isa = PBXBuildFile; fileRef = 42840D9A1B2981630015DA34 /* SMServerConfigView.m */; };
		42840DA01B2981630015DA34 /* SMServerListView.m in Sources */ = {isa = PBXBuildFile; fileRef = 42840D9D1B2981630015DA34 /* SMServerListView.m */; };
		42840DA51B29820D0015DA34 /* SSHCommand.sh in Resources */ = {isa = PBXBuildFile; fileRef = 42840DA41B29820D0015DA34 /* SSHCommand.sh */; };
		42840DA81B2985E10015DA34 /* CopyHelperCommand.sh in Resources */ = {isa = PBXBuildFile; fileRef = 42840DA71B2985E10015DA34 /* CopyHelperCommand.sh */; };
		42840DB11B298CF50015DA34 /* SMCopyHelperWrapper.m in Sources */ = {isa = PBXBuildFile; fileRef = 42840DB01B298CF50015DA34 /* SMCopyHelperWrapper.m */; };
		4290598B1B41831C00D6D687 /* NSObject+OTRuntimeUserInfo.m in Sources */ = {isa = PBXBuildFile; fileRef = 4290598A1B41831C00D6D687 /* NSObject+OTRuntimeUserInfo.m */; };
		4290598E1B42F32B00D6D687 /* SMStatusBarUserDefaultsManager.m in Sources */ = {isa = PBXBuildFile; fileRef = 4290598D1B42F32B00D6D687 /* SMStatusBarUserDefaultsManager.m */; };
		429422891B268523008A19F8 /* SystemConfiguration.framework in Frameworks */ = {isa = PBXBuildFile; fileRef = 429422881B268523008A19F8 /* SystemConfiguration.framework */; };
		429422981B282681008A19F8 /* main.m in Sources */ = {isa = PBXBuildFile; fileRef = 429422971B282681008A19F8 /* main.m */; };
		42BC34C71ADFD1A100A8BA66 /* SSHMole.iconset in Resources */ = {isa = PBXBuildFile; fileRef = 42BC34C61ADFD1A100A8BA66 /* SSHMole.iconset */; };
		42C5C7021B37301200C69389 /* GCDWebServer.m in Sources */ = {isa = PBXBuildFile; fileRef = 42C5C6E51B37301200C69389 /* GCDWebServer.m */; };
		42C5C7031B37301200C69389 /* GCDWebServerConnection.m in Sources */ = {isa = PBXBuildFile; fileRef = 42C5C6E71B37301200C69389 /* GCDWebServerConnection.m */; };
		42C5C7041B37301200C69389 /* GCDWebServerFunctions.m in Sources */ = {isa = PBXBuildFile; fileRef = 42C5C6E91B37301200C69389 /* GCDWebServerFunctions.m */; };
		42C5C7051B37301200C69389 /* GCDWebServerRequest.m in Sources */ = {isa = PBXBuildFile; fileRef = 42C5C6ED1B37301200C69389 /* GCDWebServerRequest.m */; };
		42C5C7061B37301200C69389 /* GCDWebServerResponse.m in Sources */ = {isa = PBXBuildFile; fileRef = 42C5C6EF1B37301200C69389 /* GCDWebServerResponse.m */; };
		42C5C7071B37301200C69389 /* GCDWebServerDataRequest.m in Sources */ = {isa = PBXBuildFile; fileRef = 42C5C6F21B37301200C69389 /* GCDWebServerDataRequest.m */; };
		42C5C7081B37301200C69389 /* GCDWebServerFileRequest.m in Sources */ = {isa = PBXBuildFile; fileRef = 42C5C6F41B37301200C69389 /* GCDWebServerFileRequest.m */; };
		42C5C7091B37301200C69389 /* GCDWebServerMultiPartFormRequest.m in Sources */ = {isa = PBXBuildFile; fileRef = 42C5C6F61B37301200C69389 /* GCDWebServerMultiPartFormRequest.m */; };
		42C5C70A1B37301200C69389 /* GCDWebServerURLEncodedFormRequest.m in Sources */ = {isa = PBXBuildFile; fileRef = 42C5C6F81B37301200C69389 /* GCDWebServerURLEncodedFormRequest.m */; };
		42C5C70B1B37301200C69389 /* GCDWebServerDataResponse.m in Sources */ = {isa = PBXBuildFile; fileRef = 42C5C6FB1B37301200C69389 /* GCDWebServerDataResponse.m */; };
		42C5C70C1B37301200C69389 /* GCDWebServerErrorResponse.m in Sources */ = {isa = PBXBuildFile; fileRef = 42C5C6FD1B37301200C69389 /* GCDWebServerErrorResponse.m */; };
		42C5C70D1B37301200C69389 /* GCDWebServerFileResponse.m in Sources */ = {isa = PBXBuildFile; fileRef = 42C5C6FF1B37301200C69389 /* GCDWebServerFileResponse.m */; };
		42C5C70E1B37301200C69389 /* GCDWebServerStreamedResponse.m in Sources */ = {isa = PBXBuildFile; fileRef = 42C5C7011B37301200C69389 /* GCDWebServerStreamedResponse.m */; };
		42C5C7141B3736BF00C69389 /* libz.dylib in Frameworks */ = {isa = PBXBuildFile; fileRef = 42C5C7131B3736BF00C69389 /* libz.dylib */; };
		42CCF0AA1AD3C3CF00BE3841 /* ServerListTable.xib in Resources */ = {isa = PBXBuildFile; fileRef = 42CCF0A91AD3C3CF00BE3841 /* ServerListTable.xib */; };
		42E0A44E1ACFBAB800890EA7 /* AppDelegate.m in Sources */ = {isa = PBXBuildFile; fileRef = 42E0A44D1ACFBAB800890EA7 /* AppDelegate.m */; };
		42E0A4501ACFBAB800890EA7 /* main.m in Sources */ = {isa = PBXBuildFile; fileRef = 42E0A44F1ACFBAB800890EA7 /* main.m */; };
		42E0A4551ACFBAB800890EA7 /* Images.xcassets in Resources */ = {isa = PBXBuildFile; fileRef = 42E0A4541ACFBAB800890EA7 /* Images.xcassets */; };
		42E0A4581ACFBAB800890EA7 /* Main.storyboard in Resources */ = {isa = PBXBuildFile; fileRef = 42E0A4561ACFBAB800890EA7 /* Main.storyboard */; };
		42E0A4781ACFBD4700890EA7 /* SSKeychain.m in Sources */ = {isa = PBXBuildFile; fileRef = 42E0A4771ACFBD4700890EA7 /* SSKeychain.m */; };
		42E0A47A1ACFBD5500890EA7 /* Security.framework in Frameworks */ = {isa = PBXBuildFile; fileRef = 42E0A4791ACFBD5500890EA7 /* Security.framework */; };
		42E0A48F1AD0073500890EA7 /* YYYJsonParser.m in Sources */ = {isa = PBXBuildFile; fileRef = 42E0A48E1AD0073500890EA7 /* YYYJsonParser.m */; };
		42F639B31B3BE4B0007F3856 /* SMStatusBarController.m in Sources */ = {isa = PBXBuildFile; fileRef = 42F639B21B3BE4B0007F3856 /* SMStatusBarController.m */; };
/* End PBXBuildFile section */

/* Begin PBXContainerItemProxy section */
		42670D1D1B44DA2500E646FE /* PBXContainerItemProxy */ = {
			isa = PBXContainerItemProxy;
			containerPortal = 42E0A43F1ACFBAB800890EA7 /* Project object */;
			proxyType = 1;
			remoteGlobalIDString = 429422941B282681008A19F8;
			remoteInfo = SSHMoleSystemConfigurationHelper;
		};
/* End PBXContainerItemProxy section */

/* Begin PBXCopyFilesBuildPhase section */
		429422931B282681008A19F8 /* CopyFiles */ = {
			isa = PBXCopyFilesBuildPhase;
			buildActionMask = 2147483647;
			dstPath = /usr/share/man/man1/;
			dstSubfolderSpec = 0;
			files = (
			);
			runOnlyForDeploymentPostprocessing = 1;
		};
/* End PBXCopyFilesBuildPhase section */

/* Begin PBXFileReference section */
		423B41931B3740BC00BA52CA /* OTHTTPDownloadRequest.h */ = {isa = PBXFileReference; fileEncoding = 4; lastKnownFileType = sourcecode.c.h; path = OTHTTPDownloadRequest.h; sourceTree = "<group>"; };
		423B41941B3740BC00BA52CA /* OTHTTPDownloadRequest.m */ = {isa = PBXFileReference; fileEncoding = 4; lastKnownFileType = sourcecode.c.objc; path = OTHTTPDownloadRequest.m; sourceTree = "<group>"; };
		423B41951B3740BC00BA52CA /* OTHTTPRequest.h */ = {isa = PBXFileReference; fileEncoding = 4; lastKnownFileType = sourcecode.c.h; path = OTHTTPRequest.h; sourceTree = "<group>"; };
		423B41961B3740BC00BA52CA /* OTHTTPRequest.m */ = {isa = PBXFileReference; fileEncoding = 4; lastKnownFileType = sourcecode.c.objc; path = OTHTTPRequest.m; sourceTree = "<group>"; };
		423B419A1B37B38000BA52CA /* SMSandboxPath.h */ = {isa = PBXFileReference; fileEncoding = 4; lastKnownFileType = sourcecode.c.h; path = SMSandboxPath.h; sourceTree = "<group>"; };
		423B419B1B37B38000BA52CA /* SMSandboxPath.m */ = {isa = PBXFileReference; fileEncoding = 4; lastKnownFileType = sourcecode.c.objc; path = SMSandboxPath.m; sourceTree = "<group>"; };
		423B41A31B383D2300BA52CA /* blacklist.pac */ = {isa = PBXFileReference; fileEncoding = 4; lastKnownFileType = text; path = blacklist.pac; sourceTree = "<group>"; };
		423B41A41B383D2300BA52CA /* whitelist.pac */ = {isa = PBXFileReference; fileEncoding = 4; lastKnownFileType = text; path = whitelist.pac; sourceTree = "<group>"; };
		423B41A81B38462500BA52CA /* SMUserProxySettingsManager.h */ = {isa = PBXFileReference; fileEncoding = 4; lastKnownFileType = sourcecode.c.h; path = SMUserProxySettingsManager.h; sourceTree = "<group>"; };
		423B41A91B38462500BA52CA /* SMUserProxySettingsManager.m */ = {isa = PBXFileReference; fileEncoding = 4; lastKnownFileType = sourcecode.c.objc; path = SMUserProxySettingsManager.m; sourceTree = "<group>"; };
		425073271B3FC5B800C355DE /* SMPacFileDownloadManager.h */ = {isa = PBXFileReference; fileEncoding = 4; lastKnownFileType = sourcecode.c.h; path = SMPacFileDownloadManager.h; sourceTree = "<group>"; };
		425073281B3FC5B800C355DE /* SMPacFileDownloadManager.m */ = {isa = PBXFileReference; fileEncoding = 4; lastKnownFileType = sourcecode.c.objc; path = SMPacFileDownloadManager.m; sourceTree = "<group>"; };
		4250732A1B3FC5B800C355DE /* SMSystemPreferenceManager.h */ = {isa = PBXFileReference; fileEncoding = 4; lastKnownFileType = sourcecode.c.h; path = SMSystemPreferenceManager.h; sourceTree = "<group>"; };
		4250732B1B3FC5B800C355DE /* SMSystemPreferenceManager.m */ = {isa = PBXFileReference; fileEncoding = 4; lastKnownFileType = sourcecode.c.objc; path = SMSystemPreferenceManager.m; sourceTree = "<group>"; };
		4250732D1B3FC5B800C355DE /* SMWebServerManager.h */ = {isa = PBXFileReference; fileEncoding = 4; lastKnownFileType = sourcecode.c.h; path = SMWebServerManager.h; sourceTree = "<group>"; };
		4250732E1B3FC5B800C355DE /* SMWebServerManager.m */ = {isa = PBXFileReference; fileEncoding = 4; lastKnownFileType = sourcecode.c.objc; path = SMWebServerManager.m; sourceTree = "<group>"; };
		425667691B4433F60009980E /* SMFileSystemObserver.h */ = {isa = PBXFileReference; fileEncoding = 4; lastKnownFileType = sourcecode.c.h; path = SMFileSystemObserver.h; sourceTree = "<group>"; };
		4256676A1B4433F60009980E /* SMFileSystemObserver.m */ = {isa = PBXFileReference; fileEncoding = 4; lastKnownFileType = sourcecode.c.objc; path = SMFileSystemObserver.m; sourceTree = "<group>"; };
		4256676D1B44347C0009980E /* SCConstants.h */ = {isa = PBXFileReference; fileEncoding = 4; lastKnownFileType = sourcecode.c.h; path = SCConstants.h; sourceTree = "<group>"; };
		4256676E1B44347C0009980E /* SCEvent.h */ = {isa = PBXFileReference; fileEncoding = 4; lastKnownFileType = sourcecode.c.h; path = SCEvent.h; sourceTree = "<group>"; };
		4256676F1B44347C0009980E /* SCEvent.m */ = {isa = PBXFileReference; fileEncoding = 4; lastKnownFileType = sourcecode.c.objc; path = SCEvent.m; sourceTree = "<group>"; };
		425667701B44347C0009980E /* SCEventListenerProtocol.h */ = {isa = PBXFileReference; fileEncoding = 4; lastKnownFileType = sourcecode.c.h; path = SCEventListenerProtocol.h; sourceTree = "<group>"; };
		425667711B44347C0009980E /* SCEvents.h */ = {isa = PBXFileReference; fileEncoding = 4; lastKnownFileType = sourcecode.c.h; path = SCEvents.h; sourceTree = "<group>"; };
		425667721B44347C0009980E /* SCEvents.m */ = {isa = PBXFileReference; fileEncoding = 4; lastKnownFileType = sourcecode.c.objc; path = SCEvents.m; sourceTree = "<group>"; };
		425667761B4434B00009980E /* NSMutableArray+WeakReferences.h */ = {isa = PBXFileReference; fileEncoding = 4; lastKnownFileType = sourcecode.c.h; path = "NSMutableArray+WeakReferences.h"; sourceTree = "<group>"; };
		425667771B4434B00009980E /* NSMutableArray+WeakReferences.m */ = {isa = PBXFileReference; fileEncoding = 4; lastKnownFileType = sourcecode.c.objc; path = "NSMutableArray+WeakReferences.m"; sourceTree = "<group>"; };
		4262AF201AD17ADF00C54A2A /* ServerConfigView.xib */ = {isa = PBXFileReference; fileEncoding = 4; lastKnownFileType = file.xib; path = ServerConfigView.xib; sourceTree = "<group>"; };
		4262B8FB1B3B14A800C9430C /* StatusBarPawIcon.png */ = {isa = PBXFileReference; lastKnownFileType = image.png; path = StatusBarPawIcon.png; sourceTree = "<group>"; };
		4262B8FC1B3B14A800C9430C /* StatusBarPawIcon@2x.png */ = {isa = PBXFileReference; lastKnownFileType = image.png; path = "StatusBarPawIcon@2x.png"; sourceTree = "<group>"; };
		427237B11AD7B01F00BC072D /* ServerListGreenLight.png */ = {isa = PBXFileReference; lastKnownFileType = image.png; path = ServerListGreenLight.png; sourceTree = "<group>"; };
		427237B21AD7B01F00BC072D /* ServerListGreenLight@2x.png */ = {isa = PBXFileReference; lastKnownFileType = image.png; path = "ServerListGreenLight@2x.png"; sourceTree = "<group>"; };
		427237B31AD7B01F00BC072D /* ServerListRedLight.png */ = {isa = PBXFileReference; lastKnownFileType = image.png; path = ServerListRedLight.png; sourceTree = "<group>"; };
		427237B41AD7B01F00BC072D /* ServerListRedLight@2x.png */ = {isa = PBXFileReference; lastKnownFileType = image.png; path = "ServerListRedLight@2x.png"; sourceTree = "<group>"; };
		427237B51AD7B01F00BC072D /* ServerListYellowLight.png */ = {isa = PBXFileReference; lastKnownFileType = image.png; path = ServerListYellowLight.png; sourceTree = "<group>"; };
		427237B61AD7B01F00BC072D /* ServerListYellowLight@2x.png */ = {isa = PBXFileReference; lastKnownFileType = image.png; path = "ServerListYellowLight@2x.png"; sourceTree = "<group>"; };
		42840D721B2981040015DA34 /* NSView+Vibrancy.h */ = {isa = PBXFileReference; fileEncoding = 4; lastKnownFileType = sourcecode.c.h; path = "NSView+Vibrancy.h"; sourceTree = "<group>"; };
		42840D731B2981040015DA34 /* NSView+Vibrancy.m */ = {isa = PBXFileReference; fileEncoding = 4; lastKnownFileType = sourcecode.c.objc; path = "NSView+Vibrancy.m"; sourceTree = "<group>"; };
		42840D751B2981040015DA34 /* SMUserEventDetectingTableView.h */ = {isa = PBXFileReference; fileEncoding = 4; lastKnownFileType = sourcecode.c.h; path = SMUserEventDetectingTableView.h; sourceTree = "<group>"; };
		42840D761B2981040015DA34 /* SMUserEventDetectingTableView.m */ = {isa = PBXFileReference; fileEncoding = 4; lastKnownFileType = sourcecode.c.objc; path = SMUserEventDetectingTableView.m; sourceTree = "<group>"; };
		42840D781B2981040015DA34 /* SMOnlyIntegerNumberFormatter.h */ = {isa = PBXFileReference; fileEncoding = 4; lastKnownFileType = sourcecode.c.h; path = SMOnlyIntegerNumberFormatter.h; sourceTree = "<group>"; };
		42840D791B2981040015DA34 /* SMOnlyIntegerNumberFormatter.m */ = {isa = PBXFileReference; fileEncoding = 4; lastKnownFileType = sourcecode.c.objc; path = SMOnlyIntegerNumberFormatter.m; sourceTree = "<group>"; };
		42840D7B1B2981040015DA34 /* SMUUIDHelper.h */ = {isa = PBXFileReference; fileEncoding = 4; lastKnownFileType = sourcecode.c.h; path = SMUUIDHelper.h; sourceTree = "<group>"; };
		42840D7C1B2981040015DA34 /* SMUUIDHelper.m */ = {isa = PBXFileReference; fileEncoding = 4; lastKnownFileType = sourcecode.c.objc; path = SMUUIDHelper.m; sourceTree = "<group>"; };
		42840D821B2981040015DA34 /* SMServerConfig.h */ = {isa = PBXFileReference; fileEncoding = 4; lastKnownFileType = sourcecode.c.h; path = SMServerConfig.h; sourceTree = "<group>"; };
		42840D831B2981040015DA34 /* SMServerConfig.m */ = {isa = PBXFileReference; fileEncoding = 4; lastKnownFileType = sourcecode.c.objc; path = SMServerConfig.m; sourceTree = "<group>"; };
		42840D841B2981040015DA34 /* SMServerConfigStorage.h */ = {isa = PBXFileReference; fileEncoding = 4; lastKnownFileType = sourcecode.c.h; path = SMServerConfigStorage.h; sourceTree = "<group>"; };
		42840D851B2981040015DA34 /* SMServerConfigStorage.m */ = {isa = PBXFileReference; fileEncoding = 4; lastKnownFileType = sourcecode.c.objc; path = SMServerConfigStorage.m; sourceTree = "<group>"; };
		42840D871B2981040015DA34 /* SMSSHTask.h */ = {isa = PBXFileReference; fileEncoding = 4; lastKnownFileType = sourcecode.c.h; path = SMSSHTask.h; sourceTree = "<group>"; };
		42840D881B2981040015DA34 /* SMSSHTask.m */ = {isa = PBXFileReference; fileEncoding = 4; lastKnownFileType = sourcecode.c.objc; path = SMSSHTask.m; sourceTree = "<group>"; };
		42840D891B2981040015DA34 /* SMSSHTaskManager.h */ = {isa = PBXFileReference; fileEncoding = 4; lastKnownFileType = sourcecode.c.h; path = SMSSHTaskManager.h; sourceTree = "<group>"; };
		42840D8A1B2981040015DA34 /* SMSSHTaskManager.m */ = {isa = PBXFileReference; fileEncoding = 4; lastKnownFileType = sourcecode.c.objc; path = SMSSHTaskManager.m; sourceTree = "<group>"; };
		42840D961B2981630015DA34 /* SMServerConfigSplitController.h */ = {isa = PBXFileReference; fileEncoding = 4; lastKnownFileType = sourcecode.c.h; path = SMServerConfigSplitController.h; sourceTree = "<group>"; };
		42840D971B2981630015DA34 /* SMServerConfigSplitController.m */ = {isa = PBXFileReference; fileEncoding = 4; lastKnownFileType = sourcecode.c.objc; path = SMServerConfigSplitController.m; sourceTree = "<group>"; };
		42840D991B2981630015DA34 /* SMServerConfigView.h */ = {isa = PBXFileReference; fileEncoding = 4; lastKnownFileType = sourcecode.c.h; path = SMServerConfigView.h; sourceTree = "<group>"; };
		42840D9A1B2981630015DA34 /* SMServerConfigView.m */ = {isa = PBXFileReference; fileEncoding = 4; lastKnownFileType = sourcecode.c.objc; path = SMServerConfigView.m; sourceTree = "<group>"; };
		42840D9C1B2981630015DA34 /* SMServerListView.h */ = {isa = PBXFileReference; fileEncoding = 4; lastKnownFileType = sourcecode.c.h; path = SMServerListView.h; sourceTree = "<group>"; };
		42840D9D1B2981630015DA34 /* SMServerListView.m */ = {isa = PBXFileReference; fileEncoding = 4; lastKnownFileType = sourcecode.c.objc; path = SMServerListView.m; sourceTree = "<group>"; };
		42840DA41B29820D0015DA34 /* SSHCommand.sh */ = {isa = PBXFileReference; fileEncoding = 4; lastKnownFileType = text.script.sh; path = SSHCommand.sh; sourceTree = "<group>"; };
		42840DA71B2985E10015DA34 /* CopyHelperCommand.sh */ = {isa = PBXFileReference; fileEncoding = 4; lastKnownFileType = text.script.sh; path = CopyHelperCommand.sh; sourceTree = "<group>"; };
		42840DAF1B298CF50015DA34 /* SMCopyHelperWrapper.h */ = {isa = PBXFileReference; fileEncoding = 4; lastKnownFileType = sourcecode.c.h; path = SMCopyHelperWrapper.h; sourceTree = "<group>"; };
		42840DB01B298CF50015DA34 /* SMCopyHelperWrapper.m */ = {isa = PBXFileReference; fileEncoding = 4; lastKnownFileType = sourcecode.c.objc; path = SMCopyHelperWrapper.m; sourceTree = "<group>"; };
		429059891B41831C00D6D687 /* NSObject+OTRuntimeUserInfo.h */ = {isa = PBXFileReference; fileEncoding = 4; lastKnownFileType = sourcecode.c.h; path = "NSObject+OTRuntimeUserInfo.h"; sourceTree = "<group>"; };
		4290598A1B41831C00D6D687 /* NSObject+OTRuntimeUserInfo.m */ = {isa = PBXFileReference; fileEncoding = 4; lastKnownFileType = sourcecode.c.objc; path = "NSObject+OTRuntimeUserInfo.m"; sourceTree = "<group>"; };
		4290598C1B42F32B00D6D687 /* SMStatusBarUserDefaultsManager.h */ = {isa = PBXFileReference; fileEncoding = 4; lastKnownFileType = sourcecode.c.h; path = SMStatusBarUserDefaultsManager.h; sourceTree = "<group>"; };
		4290598D1B42F32B00D6D687 /* SMStatusBarUserDefaultsManager.m */ = {isa = PBXFileReference; fileEncoding = 4; lastKnownFileType = sourcecode.c.objc; path = SMStatusBarUserDefaultsManager.m; sourceTree = "<group>"; };
		429422881B268523008A19F8 /* SystemConfiguration.framework */ = {isa = PBXFileReference; lastKnownFileType = wrapper.framework; name = SystemConfiguration.framework; path = System/Library/Frameworks/SystemConfiguration.framework; sourceTree = SDKROOT; };
		429422951B282681008A19F8 /* SSHMoleSystemConfigurationHelper */ = {isa = PBXFileReference; explicitFileType = "compiled.mach-o.executable"; includeInIndex = 0; path = SSHMoleSystemConfigurationHelper; sourceTree = BUILT_PRODUCTS_DIR; };
		429422971B282681008A19F8 /* main.m */ = {isa = PBXFileReference; lastKnownFileType = sourcecode.c.objc; path = main.m; sourceTree = "<group>"; };
		42BC34941ADCAE0E00A8BA66 /* SSHMole.entitlements */ = {isa = PBXFileReference; lastKnownFileType = text.xml; path = SSHMole.entitlements; sourceTree = "<group>"; };
		42BC34C61ADFD1A100A8BA66 /* SSHMole.iconset */ = {isa = PBXFileReference; lastKnownFileType = folder.iconset; path = SSHMole.iconset; sourceTree = "<group>"; };
		42C5C6E41B37301200C69389 /* GCDWebServer.h */ = {isa = PBXFileReference; fileEncoding = 4; lastKnownFileType = sourcecode.c.h; path = GCDWebServer.h; sourceTree = "<group>"; };
		42C5C6E51B37301200C69389 /* GCDWebServer.m */ = {isa = PBXFileReference; fileEncoding = 4; lastKnownFileType = sourcecode.c.objc; path = GCDWebServer.m; sourceTree = "<group>"; };
		42C5C6E61B37301200C69389 /* GCDWebServerConnection.h */ = {isa = PBXFileReference; fileEncoding = 4; lastKnownFileType = sourcecode.c.h; path = GCDWebServerConnection.h; sourceTree = "<group>"; };
		42C5C6E71B37301200C69389 /* GCDWebServerConnection.m */ = {isa = PBXFileReference; fileEncoding = 4; lastKnownFileType = sourcecode.c.objc; path = GCDWebServerConnection.m; sourceTree = "<group>"; };
		42C5C6E81B37301200C69389 /* GCDWebServerFunctions.h */ = {isa = PBXFileReference; fileEncoding = 4; lastKnownFileType = sourcecode.c.h; path = GCDWebServerFunctions.h; sourceTree = "<group>"; };
		42C5C6E91B37301200C69389 /* GCDWebServerFunctions.m */ = {isa = PBXFileReference; fileEncoding = 4; lastKnownFileType = sourcecode.c.objc; path = GCDWebServerFunctions.m; sourceTree = "<group>"; };
		42C5C6EA1B37301200C69389 /* GCDWebServerHTTPStatusCodes.h */ = {isa = PBXFileReference; fileEncoding = 4; lastKnownFileType = sourcecode.c.h; path = GCDWebServerHTTPStatusCodes.h; sourceTree = "<group>"; };
		42C5C6EB1B37301200C69389 /* GCDWebServerPrivate.h */ = {isa = PBXFileReference; fileEncoding = 4; lastKnownFileType = sourcecode.c.h; path = GCDWebServerPrivate.h; sourceTree = "<group>"; };
		42C5C6EC1B37301200C69389 /* GCDWebServerRequest.h */ = {isa = PBXFileReference; fileEncoding = 4; lastKnownFileType = sourcecode.c.h; path = GCDWebServerRequest.h; sourceTree = "<group>"; };
		42C5C6ED1B37301200C69389 /* GCDWebServerRequest.m */ = {isa = PBXFileReference; fileEncoding = 4; lastKnownFileType = sourcecode.c.objc; path = GCDWebServerRequest.m; sourceTree = "<group>"; };
		42C5C6EE1B37301200C69389 /* GCDWebServerResponse.h */ = {isa = PBXFileReference; fileEncoding = 4; lastKnownFileType = sourcecode.c.h; path = GCDWebServerResponse.h; sourceTree = "<group>"; };
		42C5C6EF1B37301200C69389 /* GCDWebServerResponse.m */ = {isa = PBXFileReference; fileEncoding = 4; lastKnownFileType = sourcecode.c.objc; path = GCDWebServerResponse.m; sourceTree = "<group>"; };
		42C5C6F11B37301200C69389 /* GCDWebServerDataRequest.h */ = {isa = PBXFileReference; fileEncoding = 4; lastKnownFileType = sourcecode.c.h; path = GCDWebServerDataRequest.h; sourceTree = "<group>"; };
		42C5C6F21B37301200C69389 /* GCDWebServerDataRequest.m */ = {isa = PBXFileReference; fileEncoding = 4; lastKnownFileType = sourcecode.c.objc; path = GCDWebServerDataRequest.m; sourceTree = "<group>"; };
		42C5C6F31B37301200C69389 /* GCDWebServerFileRequest.h */ = {isa = PBXFileReference; fileEncoding = 4; lastKnownFileType = sourcecode.c.h; path = GCDWebServerFileRequest.h; sourceTree = "<group>"; };
		42C5C6F41B37301200C69389 /* GCDWebServerFileRequest.m */ = {isa = PBXFileReference; fileEncoding = 4; lastKnownFileType = sourcecode.c.objc; path = GCDWebServerFileRequest.m; sourceTree = "<group>"; };
		42C5C6F51B37301200C69389 /* GCDWebServerMultiPartFormRequest.h */ = {isa = PBXFileReference; fileEncoding = 4; lastKnownFileType = sourcecode.c.h; path = GCDWebServerMultiPartFormRequest.h; sourceTree = "<group>"; };
		42C5C6F61B37301200C69389 /* GCDWebServerMultiPartFormRequest.m */ = {isa = PBXFileReference; fileEncoding = 4; lastKnownFileType = sourcecode.c.objc; path = GCDWebServerMultiPartFormRequest.m; sourceTree = "<group>"; };
		42C5C6F71B37301200C69389 /* GCDWebServerURLEncodedFormRequest.h */ = {isa = PBXFileReference; fileEncoding = 4; lastKnownFileType = sourcecode.c.h; path = GCDWebServerURLEncodedFormRequest.h; sourceTree = "<group>"; };
		42C5C6F81B37301200C69389 /* GCDWebServerURLEncodedFormRequest.m */ = {isa = PBXFileReference; fileEncoding = 4; lastKnownFileType = sourcecode.c.objc; path = GCDWebServerURLEncodedFormRequest.m; sourceTree = "<group>"; };
		42C5C6FA1B37301200C69389 /* GCDWebServerDataResponse.h */ = {isa = PBXFileReference; fileEncoding = 4; lastKnownFileType = sourcecode.c.h; path = GCDWebServerDataResponse.h; sourceTree = "<group>"; };
		42C5C6FB1B37301200C69389 /* GCDWebServerDataResponse.m */ = {isa = PBXFileReference; fileEncoding = 4; lastKnownFileType = sourcecode.c.objc; path = GCDWebServerDataResponse.m; sourceTree = "<group>"; };
		42C5C6FC1B37301200C69389 /* GCDWebServerErrorResponse.h */ = {isa = PBXFileReference; fileEncoding = 4; lastKnownFileType = sourcecode.c.h; path = GCDWebServerErrorResponse.h; sourceTree = "<group>"; };
		42C5C6FD1B37301200C69389 /* GCDWebServerErrorResponse.m */ = {isa = PBXFileReference; fileEncoding = 4; lastKnownFileType = sourcecode.c.objc; path = GCDWebServerErrorResponse.m; sourceTree = "<group>"; };
		42C5C6FE1B37301200C69389 /* GCDWebServerFileResponse.h */ = {isa = PBXFileReference; fileEncoding = 4; lastKnownFileType = sourcecode.c.h; path = GCDWebServerFileResponse.h; sourceTree = "<group>"; };
		42C5C6FF1B37301200C69389 /* GCDWebServerFileResponse.m */ = {isa = PBXFileReference; fileEncoding = 4; lastKnownFileType = sourcecode.c.objc; path = GCDWebServerFileResponse.m; sourceTree = "<group>"; };
		42C5C7001B37301200C69389 /* GCDWebServerStreamedResponse.h */ = {isa = PBXFileReference; fileEncoding = 4; lastKnownFileType = sourcecode.c.h; path = GCDWebServerStreamedResponse.h; sourceTree = "<group>"; };
		42C5C7011B37301200C69389 /* GCDWebServerStreamedResponse.m */ = {isa = PBXFileReference; fileEncoding = 4; lastKnownFileType = sourcecode.c.objc; path = GCDWebServerStreamedResponse.m; sourceTree = "<group>"; };
		42C5C7131B3736BF00C69389 /* libz.dylib */ = {isa = PBXFileReference; lastKnownFileType = "compiled.mach-o.dylib"; name = libz.dylib; path = usr/lib/libz.dylib; sourceTree = SDKROOT; };
		42CCF0A91AD3C3CF00BE3841 /* ServerListTable.xib */ = {isa = PBXFileReference; fileEncoding = 4; lastKnownFileType = file.xib; path = ServerListTable.xib; sourceTree = "<group>"; };
		42E0A4471ACFBAB800890EA7 /* SSHMole.app */ = {isa = PBXFileReference; explicitFileType = wrapper.application; includeInIndex = 0; path = SSHMole.app; sourceTree = BUILT_PRODUCTS_DIR; };
		42E0A44B1ACFBAB800890EA7 /* Info.plist */ = {isa = PBXFileReference; lastKnownFileType = text.plist.xml; path = Info.plist; sourceTree = "<group>"; };
		42E0A44C1ACFBAB800890EA7 /* AppDelegate.h */ = {isa = PBXFileReference; lastKnownFileType = sourcecode.c.h; path = AppDelegate.h; sourceTree = "<group>"; };
		42E0A44D1ACFBAB800890EA7 /* AppDelegate.m */ = {isa = PBXFileReference; lastKnownFileType = sourcecode.c.objc; path = AppDelegate.m; sourceTree = "<group>"; };
		42E0A44F1ACFBAB800890EA7 /* main.m */ = {isa = PBXFileReference; lastKnownFileType = sourcecode.c.objc; path = main.m; sourceTree = "<group>"; };
		42E0A4541ACFBAB800890EA7 /* Images.xcassets */ = {isa = PBXFileReference; lastKnownFileType = folder.assetcatalog; path = Images.xcassets; sourceTree = "<group>"; };
		42E0A4571ACFBAB800890EA7 /* Base */ = {isa = PBXFileReference; lastKnownFileType = file.storyboard; name = Base; path = Base.lproj/Main.storyboard; sourceTree = "<group>"; };
		42E0A4761ACFBD4700890EA7 /* SSKeychain.h */ = {isa = PBXFileReference; fileEncoding = 4; lastKnownFileType = sourcecode.c.h; path = SSKeychain.h; sourceTree = "<group>"; };
		42E0A4771ACFBD4700890EA7 /* SSKeychain.m */ = {isa = PBXFileReference; fileEncoding = 4; lastKnownFileType = sourcecode.c.objc; path = SSKeychain.m; sourceTree = "<group>"; };
		42E0A4791ACFBD5500890EA7 /* Security.framework */ = {isa = PBXFileReference; lastKnownFileType = wrapper.framework; name = Security.framework; path = System/Library/Frameworks/Security.framework; sourceTree = SDKROOT; };
		42E0A48D1AD0073500890EA7 /* YYYJsonParser.h */ = {isa = PBXFileReference; fileEncoding = 4; lastKnownFileType = sourcecode.c.h; path = YYYJsonParser.h; sourceTree = "<group>"; };
		42E0A48E1AD0073500890EA7 /* YYYJsonParser.m */ = {isa = PBXFileReference; fileEncoding = 4; lastKnownFileType = sourcecode.c.objc; path = YYYJsonParser.m; sourceTree = "<group>"; };
		42F639B11B3BE4B0007F3856 /* SMStatusBarController.h */ = {isa = PBXFileReference; fileEncoding = 4; lastKnownFileType = sourcecode.c.h; path = SMStatusBarController.h; sourceTree = "<group>"; };
		42F639B21B3BE4B0007F3856 /* SMStatusBarController.m */ = {isa = PBXFileReference; fileEncoding = 4; lastKnownFileType = sourcecode.c.objc; path = SMStatusBarController.m; sourceTree = "<group>"; };
/* End PBXFileReference section */

/* Begin PBXFrameworksBuildPhase section */
		429422921B282681008A19F8 /* Frameworks */ = {
			isa = PBXFrameworksBuildPhase;
			buildActionMask = 2147483647;
			files = (
			);
			runOnlyForDeploymentPostprocessing = 0;
		};
		42E0A4441ACFBAB800890EA7 /* Frameworks */ = {
			isa = PBXFrameworksBuildPhase;
			buildActionMask = 2147483647;
			files = (
				42C5C7141B3736BF00C69389 /* libz.dylib in Frameworks */,
				429422891B268523008A19F8 /* SystemConfiguration.framework in Frameworks */,
				42E0A47A1ACFBD5500890EA7 /* Security.framework in Frameworks */,
			);
			runOnlyForDeploymentPostprocessing = 0;
		};
/* End PBXFrameworksBuildPhase section */

/* Begin PBXGroup section */
		423B41921B3740BC00BA52CA /* OTHTTPRequest */ = {
			isa = PBXGroup;
			children = (
				423B41931B3740BC00BA52CA /* OTHTTPDownloadRequest.h */,
				423B41941B3740BC00BA52CA /* OTHTTPDownloadRequest.m */,
				423B41951B3740BC00BA52CA /* OTHTTPRequest.h */,
				423B41961B3740BC00BA52CA /* OTHTTPRequest.m */,
			);
			path = OTHTTPRequest;
			sourceTree = "<group>";
		};
		423B41991B37B37500BA52CA /* SanboxPath */ = {
			isa = PBXGroup;
			children = (
				423B419A1B37B38000BA52CA /* SMSandboxPath.h */,
				423B419B1B37B38000BA52CA /* SMSandboxPath.m */,
			);
			path = SanboxPath;
			sourceTree = "<group>";
		};
		423B41A21B383D2300BA52CA /* PacFiles */ = {
			isa = PBXGroup;
			children = (
				423B41A31B383D2300BA52CA /* blacklist.pac */,
				423B41A41B383D2300BA52CA /* whitelist.pac */,
			);
			path = PacFiles;
			sourceTree = "<group>";
		};
		423B41A71B38461700BA52CA /* SMUserProxySettingsManager */ = {
			isa = PBXGroup;
			children = (
				423B41A81B38462500BA52CA /* SMUserProxySettingsManager.h */,
				423B41A91B38462500BA52CA /* SMUserProxySettingsManager.m */,
				425073261B3FC5B800C355DE /* PacFileDownloadManager */,
				425073291B3FC5B800C355DE /* SystemPreferenceManager */,
				4250732C1B3FC5B800C355DE /* WebServerManager */,
			);
			path = SMUserProxySettingsManager;
			sourceTree = "<group>";
		};
		425073261B3FC5B800C355DE /* PacFileDownloadManager */ = {
			isa = PBXGroup;
			children = (
				425073271B3FC5B800C355DE /* SMPacFileDownloadManager.h */,
				425073281B3FC5B800C355DE /* SMPacFileDownloadManager.m */,
			);
			path = PacFileDownloadManager;
			sourceTree = "<group>";
		};
		425073291B3FC5B800C355DE /* SystemPreferenceManager */ = {
			isa = PBXGroup;
			children = (
				4250732A1B3FC5B800C355DE /* SMSystemPreferenceManager.h */,
				4250732B1B3FC5B800C355DE /* SMSystemPreferenceManager.m */,
			);
			path = SystemPreferenceManager;
			sourceTree = "<group>";
		};
		4250732C1B3FC5B800C355DE /* WebServerManager */ = {
			isa = PBXGroup;
			children = (
				4250732D1B3FC5B800C355DE /* SMWebServerManager.h */,
				4250732E1B3FC5B800C355DE /* SMWebServerManager.m */,
			);
			path = WebServerManager;
			sourceTree = "<group>";
		};
		425667681B4433F60009980E /* SMFileObserver */ = {
			isa = PBXGroup;
			children = (
				425667691B4433F60009980E /* SMFileSystemObserver.h */,
				4256676A1B4433F60009980E /* SMFileSystemObserver.m */,
			);
			path = SMFileObserver;
			sourceTree = "<group>";
		};
		4256676C1B44347C0009980E /* SCEvents */ = {
			isa = PBXGroup;
			children = (
				4256676D1B44347C0009980E /* SCConstants.h */,
				4256676E1B44347C0009980E /* SCEvent.h */,
				4256676F1B44347C0009980E /* SCEvent.m */,
				425667701B44347C0009980E /* SCEventListenerProtocol.h */,
				425667711B44347C0009980E /* SCEvents.h */,
				425667721B44347C0009980E /* SCEvents.m */,
			);
			path = SCEvents;
			sourceTree = "<group>";
		};
		425667751B4434B00009980E /* MutableArray+WeakReference */ = {
			isa = PBXGroup;
			children = (
				425667761B4434B00009980E /* NSMutableArray+WeakReferences.h */,
				425667771B4434B00009980E /* NSMutableArray+WeakReferences.m */,
			);
			path = "MutableArray+WeakReference";
			sourceTree = "<group>";
		};
		427237B01AD7B01000BC072D /* Images */ = {
			isa = PBXGroup;
			children = (
				4262B8FB1B3B14A800C9430C /* StatusBarPawIcon.png */,
				4262B8FC1B3B14A800C9430C /* StatusBarPawIcon@2x.png */,
				427237B11AD7B01F00BC072D /* ServerListGreenLight.png */,
				427237B21AD7B01F00BC072D /* ServerListGreenLight@2x.png */,
				427237B31AD7B01F00BC072D /* ServerListRedLight.png */,
				427237B41AD7B01F00BC072D /* ServerListRedLight@2x.png */,
				427237B51AD7B01F00BC072D /* ServerListYellowLight.png */,
				427237B61AD7B01F00BC072D /* ServerListYellowLight@2x.png */,
			);
			path = Images;
			sourceTree = "<group>";
		};
		42840D701B2981040015DA34 /* Helpers */ = {
			isa = PBXGroup;
			children = (
				425667751B4434B00009980E /* MutableArray+WeakReference */,
				429059881B41831C00D6D687 /* NSObject+OTRuntimeUserInfo */,
				42840D711B2981040015DA34 /* NSView+Vibrancy */,
				423B41991B37B37500BA52CA /* SanboxPath */,
				42840D741B2981040015DA34 /* SMCellClickDetectingTableView */,
				425667681B4433F60009980E /* SMFileObserver */,
				42840D771B2981040015DA34 /* SMOnlyIntegerNumberFormatter */,
				42840D7A1B2981040015DA34 /* SMUUIDHelper */,
			);
			path = Helpers;
			sourceTree = "<group>";
		};
		42840D711B2981040015DA34 /* NSView+Vibrancy */ = {
			isa = PBXGroup;
			children = (
				42840D721B2981040015DA34 /* NSView+Vibrancy.h */,
				42840D731B2981040015DA34 /* NSView+Vibrancy.m */,
			);
			path = "NSView+Vibrancy";
			sourceTree = "<group>";
		};
		42840D741B2981040015DA34 /* SMCellClickDetectingTableView */ = {
			isa = PBXGroup;
			children = (
				42840D751B2981040015DA34 /* SMUserEventDetectingTableView.h */,
				42840D761B2981040015DA34 /* SMUserEventDetectingTableView.m */,
			);
			path = SMCellClickDetectingTableView;
			sourceTree = "<group>";
		};
		42840D771B2981040015DA34 /* SMOnlyIntegerNumberFormatter */ = {
			isa = PBXGroup;
			children = (
				42840D781B2981040015DA34 /* SMOnlyIntegerNumberFormatter.h */,
				42840D791B2981040015DA34 /* SMOnlyIntegerNumberFormatter.m */,
			);
			path = SMOnlyIntegerNumberFormatter;
			sourceTree = "<group>";
		};
		42840D7A1B2981040015DA34 /* SMUUIDHelper */ = {
			isa = PBXGroup;
			children = (
				42840D7B1B2981040015DA34 /* SMUUIDHelper.h */,
				42840D7C1B2981040015DA34 /* SMUUIDHelper.m */,
			);
			path = SMUUIDHelper;
			sourceTree = "<group>";
		};
		42840D7D1B2981040015DA34 /* Manager */ = {
			isa = PBXGroup;
			children = (
				423B41A71B38461700BA52CA /* SMUserProxySettingsManager */,
			);
			path = Manager;
			sourceTree = "<group>";
		};
		42840D811B2981040015DA34 /* Model */ = {
			isa = PBXGroup;
			children = (
				42840D821B2981040015DA34 /* SMServerConfig.h */,
				42840D831B2981040015DA34 /* SMServerConfig.m */,
				42840D841B2981040015DA34 /* SMServerConfigStorage.h */,
				42840D851B2981040015DA34 /* SMServerConfigStorage.m */,
			);
			path = Model;
			sourceTree = "<group>";
		};
		42840D861B2981040015DA34 /* SSHTask */ = {
			isa = PBXGroup;
			children = (
				42840DA41B29820D0015DA34 /* SSHCommand.sh */,
				42840D871B2981040015DA34 /* SMSSHTask.h */,
				42840D881B2981040015DA34 /* SMSSHTask.m */,
				42840D891B2981040015DA34 /* SMSSHTaskManager.h */,
				42840D8A1B2981040015DA34 /* SMSSHTaskManager.m */,
			);
			path = SSHTask;
			sourceTree = "<group>";
		};
		42840D941B2981630015DA34 /* ViewControllers */ = {
			isa = PBXGroup;
			children = (
				42F639B01B3BE4A1007F3856 /* SMStatusBarController */,
				42840D951B2981630015DA34 /* SMServerConfigSplitController */,
				42840D981B2981630015DA34 /* SMServerConfigView */,
				42840D9B1B2981630015DA34 /* SMServerListView */,
			);
			path = ViewControllers;
			sourceTree = "<group>";
		};
		42840D951B2981630015DA34 /* SMServerConfigSplitController */ = {
			isa = PBXGroup;
			children = (
				42840D961B2981630015DA34 /* SMServerConfigSplitController.h */,
				42840D971B2981630015DA34 /* SMServerConfigSplitController.m */,
			);
			path = SMServerConfigSplitController;
			sourceTree = "<group>";
		};
		42840D981B2981630015DA34 /* SMServerConfigView */ = {
			isa = PBXGroup;
			children = (
				42840D991B2981630015DA34 /* SMServerConfigView.h */,
				42840D9A1B2981630015DA34 /* SMServerConfigView.m */,
			);
			path = SMServerConfigView;
			sourceTree = "<group>";
		};
		42840D9B1B2981630015DA34 /* SMServerListView */ = {
			isa = PBXGroup;
			children = (
				42840D9C1B2981630015DA34 /* SMServerListView.h */,
				42840D9D1B2981630015DA34 /* SMServerListView.m */,
			);
			path = SMServerListView;
			sourceTree = "<group>";
		};
		42840DA11B2981C00015DA34 /* CommandLineResources */ = {
			isa = PBXGroup;
			children = (
				42840DA71B2985E10015DA34 /* CopyHelperCommand.sh */,
				42840DAF1B298CF50015DA34 /* SMCopyHelperWrapper.h */,
				42840DB01B298CF50015DA34 /* SMCopyHelperWrapper.m */,
			);
			path = CommandLineResources;
			sourceTree = "<group>";
		};
		429059881B41831C00D6D687 /* NSObject+OTRuntimeUserInfo */ = {
			isa = PBXGroup;
			children = (
				429059891B41831C00D6D687 /* NSObject+OTRuntimeUserInfo.h */,
				4290598A1B41831C00D6D687 /* NSObject+OTRuntimeUserInfo.m */,
			);
			path = "NSObject+OTRuntimeUserInfo";
			sourceTree = "<group>";
		};
		429422961B282681008A19F8 /* SSHMoleSystemConfigurationHelper */ = {
			isa = PBXGroup;
			children = (
				429422971B282681008A19F8 /* main.m */,
			);
			path = SSHMoleSystemConfigurationHelper;
			sourceTree = "<group>";
		};
		42C5C6E11B37301200C69389 /* ThirdPartyLibs */ = {
			isa = PBXGroup;
			children = (
				4256676C1B44347C0009980E /* SCEvents */,
				423B41921B3740BC00BA52CA /* OTHTTPRequest */,
				42C5C6E21B37301200C69389 /* GCDWebServer */,
			);
			path = ThirdPartyLibs;
			sourceTree = "<group>";
		};
		42C5C6E21B37301200C69389 /* GCDWebServer */ = {
			isa = PBXGroup;
			children = (
				42C5C6E31B37301200C69389 /* Core */,
				42C5C6F01B37301200C69389 /* Requests */,
				42C5C6F91B37301200C69389 /* Responses */,
			);
			path = GCDWebServer;
			sourceTree = "<group>";
		};
		42C5C6E31B37301200C69389 /* Core */ = {
			isa = PBXGroup;
			children = (
				42C5C6E41B37301200C69389 /* GCDWebServer.h */,
				42C5C6E51B37301200C69389 /* GCDWebServer.m */,
				42C5C6E61B37301200C69389 /* GCDWebServerConnection.h */,
				42C5C6E71B37301200C69389 /* GCDWebServerConnection.m */,
				42C5C6E81B37301200C69389 /* GCDWebServerFunctions.h */,
				42C5C6E91B37301200C69389 /* GCDWebServerFunctions.m */,
				42C5C6EA1B37301200C69389 /* GCDWebServerHTTPStatusCodes.h */,
				42C5C6EB1B37301200C69389 /* GCDWebServerPrivate.h */,
				42C5C6EC1B37301200C69389 /* GCDWebServerRequest.h */,
				42C5C6ED1B37301200C69389 /* GCDWebServerRequest.m */,
				42C5C6EE1B37301200C69389 /* GCDWebServerResponse.h */,
				42C5C6EF1B37301200C69389 /* GCDWebServerResponse.m */,
			);
			path = Core;
			sourceTree = "<group>";
		};
		42C5C6F01B37301200C69389 /* Requests */ = {
			isa = PBXGroup;
			children = (
				42C5C6F11B37301200C69389 /* GCDWebServerDataRequest.h */,
				42C5C6F21B37301200C69389 /* GCDWebServerDataRequest.m */,
				42C5C6F31B37301200C69389 /* GCDWebServerFileRequest.h */,
				42C5C6F41B37301200C69389 /* GCDWebServerFileRequest.m */,
				42C5C6F51B37301200C69389 /* GCDWebServerMultiPartFormRequest.h */,
				42C5C6F61B37301200C69389 /* GCDWebServerMultiPartFormRequest.m */,
				42C5C6F71B37301200C69389 /* GCDWebServerURLEncodedFormRequest.h */,
				42C5C6F81B37301200C69389 /* GCDWebServerURLEncodedFormRequest.m */,
			);
			path = Requests;
			sourceTree = "<group>";
		};
		42C5C6F91B37301200C69389 /* Responses */ = {
			isa = PBXGroup;
			children = (
				42C5C6FA1B37301200C69389 /* GCDWebServerDataResponse.h */,
				42C5C6FB1B37301200C69389 /* GCDWebServerDataResponse.m */,
				42C5C6FC1B37301200C69389 /* GCDWebServerErrorResponse.h */,
				42C5C6FD1B37301200C69389 /* GCDWebServerErrorResponse.m */,
				42C5C6FE1B37301200C69389 /* GCDWebServerFileResponse.h */,
				42C5C6FF1B37301200C69389 /* GCDWebServerFileResponse.m */,
				42C5C7001B37301200C69389 /* GCDWebServerStreamedResponse.h */,
				42C5C7011B37301200C69389 /* GCDWebServerStreamedResponse.m */,
			);
			path = Responses;
			sourceTree = "<group>";
		};
		42E0A43E1ACFBAB800890EA7 = {
			isa = PBXGroup;
			children = (
				42E0A4491ACFBAB800890EA7 /* SSHMole */,
				429422961B282681008A19F8 /* SSHMoleSystemConfigurationHelper */,
				42E0A47B1ACFBD7700890EA7 /* Frameworks */,
				42E0A4741ACFBD3500890EA7 /* ThirdPartyLib */,
				42E0A4481ACFBAB800890EA7 /* Products */,
			);
			sourceTree = "<group>";
		};
		42E0A4481ACFBAB800890EA7 /* Products */ = {
			isa = PBXGroup;
			children = (
				42E0A4471ACFBAB800890EA7 /* SSHMole.app */,
				429422951B282681008A19F8 /* SSHMoleSystemConfigurationHelper */,
			);
			name = Products;
			sourceTree = "<group>";
		};
		42E0A4491ACFBAB800890EA7 /* SSHMole */ = {
			isa = PBXGroup;
			children = (
				42C5C6E11B37301200C69389 /* ThirdPartyLibs */,
				42840D701B2981040015DA34 /* Helpers */,
				42840D7D1B2981040015DA34 /* Manager */,
				42840D811B2981040015DA34 /* Model */,
				42840D861B2981040015DA34 /* SSHTask */,
				42BC34941ADCAE0E00A8BA66 /* SSHMole.entitlements */,
				42E0A44C1ACFBAB800890EA7 /* AppDelegate.h */,
				42E0A44D1ACFBAB800890EA7 /* AppDelegate.m */,
				42840D941B2981630015DA34 /* ViewControllers */,
				427237B01AD7B01000BC072D /* Images */,
				42BC34C61ADFD1A100A8BA66 /* SSHMole.iconset */,
				42E0A4541ACFBAB800890EA7 /* Images.xcassets */,
				42E0A4561ACFBAB800890EA7 /* Main.storyboard */,
				4262AF201AD17ADF00C54A2A /* ServerConfigView.xib */,
				42CCF0A91AD3C3CF00BE3841 /* ServerListTable.xib */,
				42840DA11B2981C00015DA34 /* CommandLineResources */,
				423B41A21B383D2300BA52CA /* PacFiles */,
				42E0A44A1ACFBAB800890EA7 /* Supporting Files */,
			);
			path = SSHMole;
			sourceTree = "<group>";
		};
		42E0A44A1ACFBAB800890EA7 /* Supporting Files */ = {
			isa = PBXGroup;
			children = (
				42E0A44B1ACFBAB800890EA7 /* Info.plist */,
				42E0A44F1ACFBAB800890EA7 /* main.m */,
			);
			name = "Supporting Files";
			sourceTree = "<group>";
		};
		42E0A4741ACFBD3500890EA7 /* ThirdPartyLib */ = {
			isa = PBXGroup;
			children = (
				42E0A48C1AD0073500890EA7 /* YYYJsonParser */,
				42E0A4751ACFBD4700890EA7 /* SSKeychain */,
			);
			path = ThirdPartyLib;
			sourceTree = "<group>";
		};
		42E0A4751ACFBD4700890EA7 /* SSKeychain */ = {
			isa = PBXGroup;
			children = (
				42E0A4761ACFBD4700890EA7 /* SSKeychain.h */,
				42E0A4771ACFBD4700890EA7 /* SSKeychain.m */,
			);
			path = SSKeychain;
			sourceTree = "<group>";
		};
		42E0A47B1ACFBD7700890EA7 /* Frameworks */ = {
			isa = PBXGroup;
			children = (
				42C5C7131B3736BF00C69389 /* libz.dylib */,
				429422881B268523008A19F8 /* SystemConfiguration.framework */,
				42E0A4791ACFBD5500890EA7 /* Security.framework */,
			);
			name = Frameworks;
			path = SSHMoleTests;
			sourceTree = "<group>";
		};
		42E0A48C1AD0073500890EA7 /* YYYJsonParser */ = {
			isa = PBXGroup;
			children = (
				42E0A48D1AD0073500890EA7 /* YYYJsonParser.h */,
				42E0A48E1AD0073500890EA7 /* YYYJsonParser.m */,
			);
			path = YYYJsonParser;
			sourceTree = "<group>";
		};
		42F639B01B3BE4A1007F3856 /* SMStatusBarController */ = {
			isa = PBXGroup;
			children = (
				42F639B11B3BE4B0007F3856 /* SMStatusBarController.h */,
				42F639B21B3BE4B0007F3856 /* SMStatusBarController.m */,
				4290598C1B42F32B00D6D687 /* SMStatusBarUserDefaultsManager.h */,
				4290598D1B42F32B00D6D687 /* SMStatusBarUserDefaultsManager.m */,
			);
			path = SMStatusBarController;
			sourceTree = "<group>";
		};
/* End PBXGroup section */

/* Begin PBXNativeTarget section */
		429422941B282681008A19F8 /* SSHMoleSystemConfigurationHelper */ = {
			isa = PBXNativeTarget;
			buildConfigurationList = 429422991B282681008A19F8 /* Build configuration list for PBXNativeTarget "SSHMoleSystemConfigurationHelper" */;
			buildPhases = (
				429422911B282681008A19F8 /* Sources */,
				429422921B282681008A19F8 /* Frameworks */,
				429422931B282681008A19F8 /* CopyFiles */,
			);
			buildRules = (
			);
			dependencies = (
			);
			name = SSHMoleSystemConfigurationHelper;
			productName = SSHMoleSystemConfigurationHelper;
			productReference = 429422951B282681008A19F8 /* SSHMoleSystemConfigurationHelper */;
			productType = "com.apple.product-type.tool";
		};
		42E0A4461ACFBAB800890EA7 /* SSHMole */ = {
			isa = PBXNativeTarget;
			buildConfigurationList = 42E0A4671ACFBAB800890EA7 /* Build configuration list for PBXNativeTarget "SSHMole" */;
			buildPhases = (
				42E0A4431ACFBAB800890EA7 /* Sources */,
				42E0A4441ACFBAB800890EA7 /* Frameworks */,
				42E0A4451ACFBAB800890EA7 /* Resources */,
			);
			buildRules = (
			);
			dependencies = (
				42670D1E1B44DA2500E646FE /* PBXTargetDependency */,
			);
			name = SSHMole;
			productName = SSHMole;
			productReference = 42E0A4471ACFBAB800890EA7 /* SSHMole.app */;
			productType = "com.apple.product-type.application";
		};
/* End PBXNativeTarget section */

/* Begin PBXProject section */
		42E0A43F1ACFBAB800890EA7 /* Project object */ = {
			isa = PBXProject;
			attributes = {
				LastUpgradeCheck = 0620;
				ORGANIZATIONNAME = openthread;
				TargetAttributes = {
					429422941B282681008A19F8 = {
						CreatedOnToolsVersion = 6.3.2;
					};
					42E0A4461ACFBAB800890EA7 = {
						CreatedOnToolsVersion = 6.2;
						SystemCapabilities = {
							com.apple.Sandbox = {
								enabled = 0;
							};
						};
					};
				};
			};
			buildConfigurationList = 42E0A4421ACFBAB800890EA7 /* Build configuration list for PBXProject "SSHMole" */;
			compatibilityVersion = "Xcode 3.2";
			developmentRegion = English;
			hasScannedForEncodings = 0;
			knownRegions = (
				en,
				Base,
			);
			mainGroup = 42E0A43E1ACFBAB800890EA7;
			productRefGroup = 42E0A4481ACFBAB800890EA7 /* Products */;
			projectDirPath = "";
			projectRoot = "";
			targets = (
				42E0A4461ACFBAB800890EA7 /* SSHMole */,
				429422941B282681008A19F8 /* SSHMoleSystemConfigurationHelper */,
			);
		};
/* End PBXProject section */

/* Begin PBXResourcesBuildPhase section */
		42E0A4451ACFBAB800890EA7 /* Resources */ = {
			isa = PBXResourcesBuildPhase;
			buildActionMask = 2147483647;
			files = (
				4262B8FD1B3B14A800C9430C /* StatusBarPawIcon.png in Resources */,
				4262AF211AD17ADF00C54A2A /* ServerConfigView.xib in Resources */,
				42E0A4551ACFBAB800890EA7 /* Images.xcassets in Resources */,
				427237B81AD7B01F00BC072D /* ServerListGreenLight@2x.png in Resources */,
				427237BC1AD7B01F00BC072D /* ServerListYellowLight@2x.png in Resources */,
				4262B8FE1B3B14A800C9430C /* StatusBarPawIcon@2x.png in Resources */,
				42CCF0AA1AD3C3CF00BE3841 /* ServerListTable.xib in Resources */,
				427237B71AD7B01F00BC072D /* ServerListGreenLight.png in Resources */,
				423B41A51B383D2300BA52CA /* blacklist.pac in Resources */,
				42E0A4581ACFBAB800890EA7 /* Main.storyboard in Resources */,
				427237B91AD7B01F00BC072D /* ServerListRedLight.png in Resources */,
				42BC34C71ADFD1A100A8BA66 /* SSHMole.iconset in Resources */,
				42840DA51B29820D0015DA34 /* SSHCommand.sh in Resources */,
				423B41A61B383D2300BA52CA /* whitelist.pac in Resources */,
				427237BA1AD7B01F00BC072D /* ServerListRedLight@2x.png in Resources */,
				427237BB1AD7B01F00BC072D /* ServerListYellowLight.png in Resources */,
				42840DA81B2985E10015DA34 /* CopyHelperCommand.sh in Resources */,
			);
			runOnlyForDeploymentPostprocessing = 0;
		};
/* End PBXResourcesBuildPhase section */

/* Begin PBXSourcesBuildPhase section */
		429422911B282681008A19F8 /* Sources */ = {
			isa = PBXSourcesBuildPhase;
			buildActionMask = 2147483647;
			files = (
				429422981B282681008A19F8 /* main.m in Sources */,
			);
			runOnlyForDeploymentPostprocessing = 0;
		};
		42E0A4431ACFBAB800890EA7 /* Sources */ = {
			isa = PBXSourcesBuildPhase;
			buildActionMask = 2147483647;
			files = (
				425667741B44347C0009980E /* SCEvents.m in Sources */,
				4290598E1B42F32B00D6D687 /* SMStatusBarUserDefaultsManager.m in Sources */,
				423B41AA1B38462500BA52CA /* SMUserProxySettingsManager.m in Sources */,
				42E0A48F1AD0073500890EA7 /* YYYJsonParser.m in Sources */,
				42C5C70C1B37301200C69389 /* GCDWebServerErrorResponse.m in Sources */,
				42840D8E1B2981040015DA34 /* SMUUIDHelper.m in Sources */,
				423B41971B3740BC00BA52CA /* OTHTTPDownloadRequest.m in Sources */,
				42C5C70A1B37301200C69389 /* GCDWebServerURLEncodedFormRequest.m in Sources */,
				42C5C70D1B37301200C69389 /* GCDWebServerFileResponse.m in Sources */,
				42F639B31B3BE4B0007F3856 /* SMStatusBarController.m in Sources */,
				42840D9E1B2981630015DA34 /* SMServerConfigSplitController.m in Sources */,
				4256676B1B4433F60009980E /* SMFileSystemObserver.m in Sources */,
				42840D8B1B2981040015DA34 /* NSView+Vibrancy.m in Sources */,
				42E0A4781ACFBD4700890EA7 /* SSKeychain.m in Sources */,
				42C5C7041B37301200C69389 /* GCDWebServerFunctions.m in Sources */,
				423B41981B3740BC00BA52CA /* OTHTTPRequest.m in Sources */,
				42E0A4501ACFBAB800890EA7 /* main.m in Sources */,
				4250732F1B3FC5B800C355DE /* SMPacFileDownloadManager.m in Sources */,
				42C5C7081B37301200C69389 /* GCDWebServerFileRequest.m in Sources */,
				4290598B1B41831C00D6D687 /* NSObject+OTRuntimeUserInfo.m in Sources */,
				42840DB11B298CF50015DA34 /* SMCopyHelperWrapper.m in Sources */,
				42840D911B2981040015DA34 /* SMServerConfigStorage.m in Sources */,
				425667731B44347C0009980E /* SCEvent.m in Sources */,
				42840D921B2981040015DA34 /* SMSSHTask.m in Sources */,
				42C5C7071B37301200C69389 /* GCDWebServerDataRequest.m in Sources */,
				42840D9F1B2981630015DA34 /* SMServerConfigView.m in Sources */,
				42840D8D1B2981040015DA34 /* SMOnlyIntegerNumberFormatter.m in Sources */,
				42C5C70E1B37301200C69389 /* GCDWebServerStreamedResponse.m in Sources */,
				42840DA01B2981630015DA34 /* SMServerListView.m in Sources */,
				425667781B4434B00009980E /* NSMutableArray+WeakReferences.m in Sources */,
				42840D931B2981040015DA34 /* SMSSHTaskManager.m in Sources */,
				425073301B3FC5B800C355DE /* SMSystemPreferenceManager.m in Sources */,
				425073311B3FC5B800C355DE /* SMWebServerManager.m in Sources */,
				42C5C70B1B37301200C69389 /* GCDWebServerDataResponse.m in Sources */,
				42C5C7061B37301200C69389 /* GCDWebServerResponse.m in Sources */,
				42C5C7021B37301200C69389 /* GCDWebServer.m in Sources */,
				42840D8C1B2981040015DA34 /* SMUserEventDetectingTableView.m in Sources */,
				42840D901B2981040015DA34 /* SMServerConfig.m in Sources */,
				42C5C7031B37301200C69389 /* GCDWebServerConnection.m in Sources */,
				423B419C1B37B38000BA52CA /* SMSandboxPath.m in Sources */,
				42C5C7051B37301200C69389 /* GCDWebServerRequest.m in Sources */,
				42E0A44E1ACFBAB800890EA7 /* AppDelegate.m in Sources */,
				42C5C7091B37301200C69389 /* GCDWebServerMultiPartFormRequest.m in Sources */,
			);
			runOnlyForDeploymentPostprocessing = 0;
		};
/* End PBXSourcesBuildPhase section */

/* Begin PBXTargetDependency section */
		42670D1E1B44DA2500E646FE /* PBXTargetDependency */ = {
			isa = PBXTargetDependency;
			target = 429422941B282681008A19F8 /* SSHMoleSystemConfigurationHelper */;
			targetProxy = 42670D1D1B44DA2500E646FE /* PBXContainerItemProxy */;
		};
/* End PBXTargetDependency section */

/* Begin PBXVariantGroup section */
		42E0A4561ACFBAB800890EA7 /* Main.storyboard */ = {
			isa = PBXVariantGroup;
			children = (
				42E0A4571ACFBAB800890EA7 /* Base */,
			);
			name = Main.storyboard;
			sourceTree = "<group>";
		};
/* End PBXVariantGroup section */

/* Begin XCBuildConfiguration section */
		4294229A1B282681008A19F8 /* Debug */ = {
			isa = XCBuildConfiguration;
			buildSettings = {
				DEBUG_INFORMATION_FORMAT = dwarf;
				GCC_NO_COMMON_BLOCKS = YES;
				GCC_PREPROCESSOR_DEFINITIONS = (
					"DEBUG=1",
					"$(inherited)",
				);
				PRODUCT_NAME = "$(TARGET_NAME)";
			};
			name = Debug;
		};
		4294229B1B282681008A19F8 /* Release */ = {
			isa = XCBuildConfiguration;
			buildSettings = {
				GCC_NO_COMMON_BLOCKS = YES;
				PRODUCT_NAME = "$(TARGET_NAME)";
			};
			name = Release;
		};
		42E0A4651ACFBAB800890EA7 /* Debug */ = {
			isa = XCBuildConfiguration;
			buildSettings = {
				ALWAYS_SEARCH_USER_PATHS = NO;
				CLANG_CXX_LANGUAGE_STANDARD = "gnu++0x";
				CLANG_CXX_LIBRARY = "libc++";
				CLANG_ENABLE_MODULES = YES;
				CLANG_ENABLE_OBJC_ARC = YES;
				CLANG_WARN_BOOL_CONVERSION = YES;
				CLANG_WARN_CONSTANT_CONVERSION = YES;
				CLANG_WARN_DIRECT_OBJC_ISA_USAGE = YES_ERROR;
				CLANG_WARN_EMPTY_BODY = YES;
				CLANG_WARN_ENUM_CONVERSION = YES;
				CLANG_WARN_INT_CONVERSION = YES;
				CLANG_WARN_OBJC_ROOT_CLASS = YES_ERROR;
				CLANG_WARN_UNREACHABLE_CODE = YES;
				CLANG_WARN__DUPLICATE_METHOD_MATCH = YES;
				CODE_SIGN_IDENTITY = "-";
				COPY_PHASE_STRIP = NO;
				ENABLE_STRICT_OBJC_MSGSEND = YES;
				GCC_C_LANGUAGE_STANDARD = gnu99;
				GCC_DYNAMIC_NO_PIC = NO;
				GCC_OPTIMIZATION_LEVEL = 0;
				GCC_PREPROCESSOR_DEFINITIONS = (
					"DEBUG=1",
					"$(inherited)",
				);
				GCC_SYMBOLS_PRIVATE_EXTERN = NO;
				GCC_WARN_64_TO_32_BIT_CONVERSION = YES;
				GCC_WARN_ABOUT_RETURN_TYPE = YES_ERROR;
				GCC_WARN_UNDECLARED_SELECTOR = YES;
				GCC_WARN_UNINITIALIZED_AUTOS = YES_AGGRESSIVE;
				GCC_WARN_UNUSED_FUNCTION = YES;
				GCC_WARN_UNUSED_VARIABLE = YES;
				MACOSX_DEPLOYMENT_TARGET = 10.10;
				MTL_ENABLE_DEBUG_INFO = YES;
				ONLY_ACTIVE_ARCH = YES;
				SDKROOT = macosx;
			};
			name = Debug;
		};
		42E0A4661ACFBAB800890EA7 /* Release */ = {
			isa = XCBuildConfiguration;
			buildSettings = {
				ALWAYS_SEARCH_USER_PATHS = NO;
				CLANG_CXX_LANGUAGE_STANDARD = "gnu++0x";
				CLANG_CXX_LIBRARY = "libc++";
				CLANG_ENABLE_MODULES = YES;
				CLANG_ENABLE_OBJC_ARC = YES;
				CLANG_WARN_BOOL_CONVERSION = YES;
				CLANG_WARN_CONSTANT_CONVERSION = YES;
				CLANG_WARN_DIRECT_OBJC_ISA_USAGE = YES_ERROR;
				CLANG_WARN_EMPTY_BODY = YES;
				CLANG_WARN_ENUM_CONVERSION = YES;
				CLANG_WARN_INT_CONVERSION = YES;
				CLANG_WARN_OBJC_ROOT_CLASS = YES_ERROR;
				CLANG_WARN_UNREACHABLE_CODE = YES;
				CLANG_WARN__DUPLICATE_METHOD_MATCH = YES;
				CODE_SIGN_IDENTITY = "-";
				COPY_PHASE_STRIP = NO;
				DEBUG_INFORMATION_FORMAT = "dwarf-with-dsym";
				ENABLE_NS_ASSERTIONS = NO;
				ENABLE_STRICT_OBJC_MSGSEND = YES;
				GCC_C_LANGUAGE_STANDARD = gnu99;
				GCC_WARN_64_TO_32_BIT_CONVERSION = YES;
				GCC_WARN_ABOUT_RETURN_TYPE = YES_ERROR;
				GCC_WARN_UNDECLARED_SELECTOR = YES;
				GCC_WARN_UNINITIALIZED_AUTOS = YES_AGGRESSIVE;
				GCC_WARN_UNUSED_FUNCTION = YES;
				GCC_WARN_UNUSED_VARIABLE = YES;
				MACOSX_DEPLOYMENT_TARGET = 10.10;
				MTL_ENABLE_DEBUG_INFO = NO;
				SDKROOT = macosx;
			};
			name = Release;
		};
		42E0A4681ACFBAB800890EA7 /* Debug */ = {
			isa = XCBuildConfiguration;
			buildSettings = {
				ASSETCATALOG_COMPILER_APPICON_NAME = AppIcon;
				COMBINE_HIDPI_IMAGES = YES;
				INFOPLIST_FILE = SSHMole/Info.plist;
				LD_RUNPATH_SEARCH_PATHS = "$(inherited) @executable_path/../Frameworks";
				MACOSX_DEPLOYMENT_TARGET = 10.10;
				PRODUCT_NAME = "$(TARGET_NAME)";
			};
			name = Debug;
		};
		42E0A4691ACFBAB800890EA7 /* Release */ = {
			isa = XCBuildConfiguration;
			buildSettings = {
				ASSETCATALOG_COMPILER_APPICON_NAME = AppIcon;
				COMBINE_HIDPI_IMAGES = YES;
				INFOPLIST_FILE = SSHMole/Info.plist;
				LD_RUNPATH_SEARCH_PATHS = "$(inherited) @executable_path/../Frameworks";
				MACOSX_DEPLOYMENT_TARGET = 10.10;
				PRODUCT_NAME = "$(TARGET_NAME)";
			};
			name = Release;
		};
/* End XCBuildConfiguration section */

/* Begin XCConfigurationList section */
		429422991B282681008A19F8 /* Build configuration list for PBXNativeTarget "SSHMoleSystemConfigurationHelper" */ = {
			isa = XCConfigurationList;
			buildConfigurations = (
				4294229A1B282681008A19F8 /* Debug */,
				4294229B1B282681008A19F8 /* Release */,
			);
			defaultConfigurationIsVisible = 0;
			defaultConfigurationName = Release;
		};
		42E0A4421ACFBAB800890EA7 /* Build configuration list for PBXProject "SSHMole" */ = {
			isa = XCConfigurationList;
			buildConfigurations = (
				42E0A4651ACFBAB800890EA7 /* Debug */,
				42E0A4661ACFBAB800890EA7 /* Release */,
			);
			defaultConfigurationIsVisible = 0;
			defaultConfigurationName = Release;
		};
		42E0A4671ACFBAB800890EA7 /* Build configuration list for PBXNativeTarget "SSHMole" */ = {
			isa = XCConfigurationList;
			buildConfigurations = (
				42E0A4681ACFBAB800890EA7 /* Debug */,
				42E0A4691ACFBAB800890EA7 /* Release */,
			);
			defaultConfigurationIsVisible = 0;
			defaultConfigurationName = Release;
		};
/* End XCConfigurationList section */
	};
	rootObject = 42E0A43F1ACFBAB800890EA7 /* Project object */;
}
