// !$*UTF8*$!
{
	archiveVersion = 1;
	classes = {
	};
	objectVersion = 46;
	objects = {

/* Begin PBXBuildFile section */
		421E20C71AD1CF7B0042AD0E /* SSHCommand.sh in Resources */ = {isa = PBXBuildFile; fileRef = 421E20C61AD1CF7B0042AD0E /* SSHCommand.sh */; };
		4262AF211AD17ADF00C54A2A /* ServerConfigView.xib in Resources */ = {isa = PBXBuildFile; fileRef = 4262AF201AD17ADF00C54A2A /* ServerConfigView.xib */; };
		427237B71AD7B01F00BC072D /* ServerListGreenLight.png in Resources */ = {isa = PBXBuildFile; fileRef = 427237B11AD7B01F00BC072D /* ServerListGreenLight.png */; };
		427237B81AD7B01F00BC072D /* ServerListGreenLight@2x.png in Resources */ = {isa = PBXBuildFile; fileRef = 427237B21AD7B01F00BC072D /* ServerListGreenLight@2x.png */; };
		427237B91AD7B01F00BC072D /* ServerListRedLight.png in Resources */ = {isa = PBXBuildFile; fileRef = 427237B31AD7B01F00BC072D /* ServerListRedLight.png */; };
		427237BA1AD7B01F00BC072D /* ServerListRedLight@2x.png in Resources */ = {isa = PBXBuildFile; fileRef = 427237B41AD7B01F00BC072D /* ServerListRedLight@2x.png */; };
		427237BB1AD7B01F00BC072D /* ServerListYellowLight.png in Resources */ = {isa = PBXBuildFile; fileRef = 427237B51AD7B01F00BC072D /* ServerListYellowLight.png */; };
		427237BC1AD7B01F00BC072D /* ServerListYellowLight@2x.png in Resources */ = {isa = PBXBuildFile; fileRef = 427237B61AD7B01F00BC072D /* ServerListYellowLight@2x.png */; };
		427237C01AD7B18700BC072D /* SMUserEventDetectingTableView.m in Sources */ = {isa = PBXBuildFile; fileRef = 427237BF1AD7B18700BC072D /* SMUserEventDetectingTableView.m */; };
		42905AF51AD9A0D900B12AD3 /* SMOnlyIntegerNumberFormatter.m in Sources */ = {isa = PBXBuildFile; fileRef = 42905AF41AD9A0D900B12AD3 /* SMOnlyIntegerNumberFormatter.m */; };
		429422841B2584B8008A19F8 /* SMSystemPreferenceManager.m in Sources */ = {isa = PBXBuildFile; fileRef = 429422831B2584B8008A19F8 /* SMSystemPreferenceManager.m */; };
		429422891B268523008A19F8 /* SystemConfiguration.framework in Frameworks */ = {isa = PBXBuildFile; fileRef = 429422881B268523008A19F8 /* SystemConfiguration.framework */; };
		429422981B282681008A19F8 /* main.m in Sources */ = {isa = PBXBuildFile; fileRef = 429422971B282681008A19F8 /* main.m */; };
		42B2F0851AD2DF4B000977C4 /* SMSSHTaskManager.m in Sources */ = {isa = PBXBuildFile; fileRef = 42B2F0841AD2DF4B000977C4 /* SMSSHTaskManager.m */; };
		42BC34C71ADFD1A100A8BA66 /* SSHMole.iconset in Resources */ = {isa = PBXBuildFile; fileRef = 42BC34C61ADFD1A100A8BA66 /* SSHMole.iconset */; };
		42CCF0A41AD3B3B200BE3841 /* SMServerConfigView.m in Sources */ = {isa = PBXBuildFile; fileRef = 42CCF0A31AD3B3B200BE3841 /* SMServerConfigView.m */; };
		42CCF0A81AD3B3D200BE3841 /* SMServerListView.m in Sources */ = {isa = PBXBuildFile; fileRef = 42CCF0A71AD3B3D200BE3841 /* SMServerListView.m */; };
		42CCF0AA1AD3C3CF00BE3841 /* ServerListTable.xib in Resources */ = {isa = PBXBuildFile; fileRef = 42CCF0A91AD3C3CF00BE3841 /* ServerListTable.xib */; };
		42D61B151AD15B610000CC58 /* SMServerConfigSplitController.m in Sources */ = {isa = PBXBuildFile; fileRef = 42D61B141AD15B610000CC58 /* SMServerConfigSplitController.m */; };
		42E0A44E1ACFBAB800890EA7 /* AppDelegate.m in Sources */ = {isa = PBXBuildFile; fileRef = 42E0A44D1ACFBAB800890EA7 /* AppDelegate.m */; };
		42E0A4501ACFBAB800890EA7 /* main.m in Sources */ = {isa = PBXBuildFile; fileRef = 42E0A44F1ACFBAB800890EA7 /* main.m */; };
		42E0A4551ACFBAB800890EA7 /* Images.xcassets in Resources */ = {isa = PBXBuildFile; fileRef = 42E0A4541ACFBAB800890EA7 /* Images.xcassets */; };
		42E0A4581ACFBAB800890EA7 /* Main.storyboard in Resources */ = {isa = PBXBuildFile; fileRef = 42E0A4561ACFBAB800890EA7 /* Main.storyboard */; };
		42E0A4781ACFBD4700890EA7 /* SSKeychain.m in Sources */ = {isa = PBXBuildFile; fileRef = 42E0A4771ACFBD4700890EA7 /* SSKeychain.m */; };
		42E0A47A1ACFBD5500890EA7 /* Security.framework in Frameworks */ = {isa = PBXBuildFile; fileRef = 42E0A4791ACFBD5500890EA7 /* Security.framework */; };
		42E0A47E1ACFBDAA00890EA7 /* SMServerConfig.m in Sources */ = {isa = PBXBuildFile; fileRef = 42E0A47D1ACFBDAA00890EA7 /* SMServerConfig.m */; };
		42E0A4811ACFBDBA00890EA7 /* SMSSHTask.m in Sources */ = {isa = PBXBuildFile; fileRef = 42E0A4801ACFBDBA00890EA7 /* SMSSHTask.m */; };
		42E0A4841ACFC49400890EA7 /* SMServerConfigStorage.m in Sources */ = {isa = PBXBuildFile; fileRef = 42E0A4831ACFC49400890EA7 /* SMServerConfigStorage.m */; };
		42E0A48F1AD0073500890EA7 /* YYYJsonParser.m in Sources */ = {isa = PBXBuildFile; fileRef = 42E0A48E1AD0073500890EA7 /* YYYJsonParser.m */; };
		42F8D6651AD14D400085DF6C /* SMUUIDHelper.m in Sources */ = {isa = PBXBuildFile; fileRef = 42F8D6641AD14D400085DF6C /* SMUUIDHelper.m */; };
		42F8D6691AD14DE90085DF6C /* NSView+Vibrancy.m in Sources */ = {isa = PBXBuildFile; fileRef = 42F8D6681AD14DE90085DF6C /* NSView+Vibrancy.m */; };
/* End PBXBuildFile section */

/* Begin PBXCopyFilesBuildPhase section */
		429422931B282681008A19F8 /* CopyFiles */ = {
			isa = PBXCopyFilesBuildPhase;
			buildActionMask = 2147483647;
			dstPath = /usr/share/man/man1/;
			dstSubfolderSpec = 0;
			files = (
			);
			runOnlyForDeploymentPostprocessing = 1;
		};
/* End PBXCopyFilesBuildPhase section */

/* Begin PBXFileReference section */
		421E20C61AD1CF7B0042AD0E /* SSHCommand.sh */ = {isa = PBXFileReference; fileEncoding = 4; lastKnownFileType = text.script.sh; path = SSHCommand.sh; sourceTree = "<group>"; };
		4262AF201AD17ADF00C54A2A /* ServerConfigView.xib */ = {isa = PBXFileReference; fileEncoding = 4; lastKnownFileType = file.xib; path = ServerConfigView.xib; sourceTree = "<group>"; };
		427237B11AD7B01F00BC072D /* ServerListGreenLight.png */ = {isa = PBXFileReference; lastKnownFileType = image.png; path = ServerListGreenLight.png; sourceTree = "<group>"; };
		427237B21AD7B01F00BC072D /* ServerListGreenLight@2x.png */ = {isa = PBXFileReference; lastKnownFileType = image.png; path = "ServerListGreenLight@2x.png"; sourceTree = "<group>"; };
		427237B31AD7B01F00BC072D /* ServerListRedLight.png */ = {isa = PBXFileReference; lastKnownFileType = image.png; path = ServerListRedLight.png; sourceTree = "<group>"; };
		427237B41AD7B01F00BC072D /* ServerListRedLight@2x.png */ = {isa = PBXFileReference; lastKnownFileType = image.png; path = "ServerListRedLight@2x.png"; sourceTree = "<group>"; };
		427237B51AD7B01F00BC072D /* ServerListYellowLight.png */ = {isa = PBXFileReference; lastKnownFileType = image.png; path = ServerListYellowLight.png; sourceTree = "<group>"; };
		427237B61AD7B01F00BC072D /* ServerListYellowLight@2x.png */ = {isa = PBXFileReference; lastKnownFileType = image.png; path = "ServerListYellowLight@2x.png"; sourceTree = "<group>"; };
		427237BE1AD7B18700BC072D /* SMUserEventDetectingTableView.h */ = {isa = PBXFileReference; fileEncoding = 4; lastKnownFileType = sourcecode.c.h; path = SMUserEventDetectingTableView.h; sourceTree = "<group>"; };
		427237BF1AD7B18700BC072D /* SMUserEventDetectingTableView.m */ = {isa = PBXFileReference; fileEncoding = 4; lastKnownFileType = sourcecode.c.objc; path = SMUserEventDetectingTableView.m; sourceTree = "<group>"; };
		42905AF31AD9A0D900B12AD3 /* SMOnlyIntegerNumberFormatter.h */ = {isa = PBXFileReference; fileEncoding = 4; lastKnownFileType = sourcecode.c.h; path = SMOnlyIntegerNumberFormatter.h; sourceTree = "<group>"; };
		42905AF41AD9A0D900B12AD3 /* SMOnlyIntegerNumberFormatter.m */ = {isa = PBXFileReference; fileEncoding = 4; lastKnownFileType = sourcecode.c.objc; path = SMOnlyIntegerNumberFormatter.m; sourceTree = "<group>"; };
		429422821B2584B8008A19F8 /* SMSystemPreferenceManager.h */ = {isa = PBXFileReference; fileEncoding = 4; lastKnownFileType = sourcecode.c.h; path = SMSystemPreferenceManager.h; sourceTree = "<group>"; };
		429422831B2584B8008A19F8 /* SMSystemPreferenceManager.m */ = {isa = PBXFileReference; fileEncoding = 4; lastKnownFileType = sourcecode.c.objc; path = SMSystemPreferenceManager.m; sourceTree = "<group>"; };
		429422881B268523008A19F8 /* SystemConfiguration.framework */ = {isa = PBXFileReference; lastKnownFileType = wrapper.framework; name = SystemConfiguration.framework; path = System/Library/Frameworks/SystemConfiguration.framework; sourceTree = SDKROOT; };
		429422951B282681008A19F8 /* SSHMoleSystemConfigurationHelper */ = {isa = PBXFileReference; explicitFileType = "compiled.mach-o.executable"; includeInIndex = 0; path = SSHMoleSystemConfigurationHelper; sourceTree = BUILT_PRODUCTS_DIR; };
		429422971B282681008A19F8 /* main.m */ = {isa = PBXFileReference; lastKnownFileType = sourcecode.c.objc; path = main.m; sourceTree = "<group>"; };
		42B2F0831AD2DF4B000977C4 /* SMSSHTaskManager.h */ = {isa = PBXFileReference; fileEncoding = 4; lastKnownFileType = sourcecode.c.h; path = SMSSHTaskManager.h; sourceTree = "<group>"; };
		42B2F0841AD2DF4B000977C4 /* SMSSHTaskManager.m */ = {isa = PBXFileReference; fileEncoding = 4; lastKnownFileType = sourcecode.c.objc; path = SMSSHTaskManager.m; sourceTree = "<group>"; };
		42BC34941ADCAE0E00A8BA66 /* SSHMole.entitlements */ = {isa = PBXFileReference; lastKnownFileType = text.xml; path = SSHMole.entitlements; sourceTree = "<group>"; };
		42BC34C61ADFD1A100A8BA66 /* SSHMole.iconset */ = {isa = PBXFileReference; lastKnownFileType = folder.iconset; path = SSHMole.iconset; sourceTree = "<group>"; };
		42CCF0A21AD3B3B200BE3841 /* SMServerConfigView.h */ = {isa = PBXFileReference; fileEncoding = 4; lastKnownFileType = sourcecode.c.h; path = SMServerConfigView.h; sourceTree = "<group>"; };
		42CCF0A31AD3B3B200BE3841 /* SMServerConfigView.m */ = {isa = PBXFileReference; fileEncoding = 4; lastKnownFileType = sourcecode.c.objc; path = SMServerConfigView.m; sourceTree = "<group>"; };
		42CCF0A61AD3B3D200BE3841 /* SMServerListView.h */ = {isa = PBXFileReference; fileEncoding = 4; lastKnownFileType = sourcecode.c.h; path = SMServerListView.h; sourceTree = "<group>"; };
		42CCF0A71AD3B3D200BE3841 /* SMServerListView.m */ = {isa = PBXFileReference; fileEncoding = 4; lastKnownFileType = sourcecode.c.objc; path = SMServerListView.m; sourceTree = "<group>"; };
		42CCF0A91AD3C3CF00BE3841 /* ServerListTable.xib */ = {isa = PBXFileReference; fileEncoding = 4; lastKnownFileType = file.xib; path = ServerListTable.xib; sourceTree = "<group>"; };
		42D61B131AD15B610000CC58 /* SMServerConfigSplitController.h */ = {isa = PBXFileReference; fileEncoding = 4; lastKnownFileType = sourcecode.c.h; path = SMServerConfigSplitController.h; sourceTree = "<group>"; };
		42D61B141AD15B610000CC58 /* SMServerConfigSplitController.m */ = {isa = PBXFileReference; fileEncoding = 4; lastKnownFileType = sourcecode.c.objc; path = SMServerConfigSplitController.m; sourceTree = "<group>"; };
		42E0A4471ACFBAB800890EA7 /* SSHMole.app */ = {isa = PBXFileReference; explicitFileType = wrapper.application; includeInIndex = 0; path = SSHMole.app; sourceTree = BUILT_PRODUCTS_DIR; };
		42E0A44B1ACFBAB800890EA7 /* Info.plist */ = {isa = PBXFileReference; lastKnownFileType = text.plist.xml; path = Info.plist; sourceTree = "<group>"; };
		42E0A44C1ACFBAB800890EA7 /* AppDelegate.h */ = {isa = PBXFileReference; lastKnownFileType = sourcecode.c.h; path = AppDelegate.h; sourceTree = "<group>"; };
		42E0A44D1ACFBAB800890EA7 /* AppDelegate.m */ = {isa = PBXFileReference; lastKnownFileType = sourcecode.c.objc; path = AppDelegate.m; sourceTree = "<group>"; };
		42E0A44F1ACFBAB800890EA7 /* main.m */ = {isa = PBXFileReference; lastKnownFileType = sourcecode.c.objc; path = main.m; sourceTree = "<group>"; };
		42E0A4541ACFBAB800890EA7 /* Images.xcassets */ = {isa = PBXFileReference; lastKnownFileType = folder.assetcatalog; path = Images.xcassets; sourceTree = "<group>"; };
		42E0A4571ACFBAB800890EA7 /* Base */ = {isa = PBXFileReference; lastKnownFileType = file.storyboard; name = Base; path = Base.lproj/Main.storyboard; sourceTree = "<group>"; };
		42E0A4761ACFBD4700890EA7 /* SSKeychain.h */ = {isa = PBXFileReference; fileEncoding = 4; lastKnownFileType = sourcecode.c.h; path = SSKeychain.h; sourceTree = "<group>"; };
		42E0A4771ACFBD4700890EA7 /* SSKeychain.m */ = {isa = PBXFileReference; fileEncoding = 4; lastKnownFileType = sourcecode.c.objc; path = SSKeychain.m; sourceTree = "<group>"; };
		42E0A4791ACFBD5500890EA7 /* Security.framework */ = {isa = PBXFileReference; lastKnownFileType = wrapper.framework; name = Security.framework; path = System/Library/Frameworks/Security.framework; sourceTree = SDKROOT; };
		42E0A47C1ACFBDAA00890EA7 /* SMServerConfig.h */ = {isa = PBXFileReference; fileEncoding = 4; lastKnownFileType = sourcecode.c.h; path = SMServerConfig.h; sourceTree = "<group>"; };
		42E0A47D1ACFBDAA00890EA7 /* SMServerConfig.m */ = {isa = PBXFileReference; fileEncoding = 4; lastKnownFileType = sourcecode.c.objc; path = SMServerConfig.m; sourceTree = "<group>"; };
		42E0A47F1ACFBDBA00890EA7 /* SMSSHTask.h */ = {isa = PBXFileReference; fileEncoding = 4; lastKnownFileType = sourcecode.c.h; path = SMSSHTask.h; sourceTree = "<group>"; };
		42E0A4801ACFBDBA00890EA7 /* SMSSHTask.m */ = {isa = PBXFileReference; fileEncoding = 4; lastKnownFileType = sourcecode.c.objc; path = SMSSHTask.m; sourceTree = "<group>"; };
		42E0A4821ACFC49400890EA7 /* SMServerConfigStorage.h */ = {isa = PBXFileReference; fileEncoding = 4; lastKnownFileType = sourcecode.c.h; path = SMServerConfigStorage.h; sourceTree = "<group>"; };
		42E0A4831ACFC49400890EA7 /* SMServerConfigStorage.m */ = {isa = PBXFileReference; fileEncoding = 4; lastKnownFileType = sourcecode.c.objc; path = SMServerConfigStorage.m; sourceTree = "<group>"; };
		42E0A48D1AD0073500890EA7 /* YYYJsonParser.h */ = {isa = PBXFileReference; fileEncoding = 4; lastKnownFileType = sourcecode.c.h; path = YYYJsonParser.h; sourceTree = "<group>"; };
		42E0A48E1AD0073500890EA7 /* YYYJsonParser.m */ = {isa = PBXFileReference; fileEncoding = 4; lastKnownFileType = sourcecode.c.objc; path = YYYJsonParser.m; sourceTree = "<group>"; };
		42F8D6631AD14D400085DF6C /* SMUUIDHelper.h */ = {isa = PBXFileReference; fileEncoding = 4; lastKnownFileType = sourcecode.c.h; path = SMUUIDHelper.h; sourceTree = "<group>"; };
		42F8D6641AD14D400085DF6C /* SMUUIDHelper.m */ = {isa = PBXFileReference; fileEncoding = 4; lastKnownFileType = sourcecode.c.objc; path = SMUUIDHelper.m; sourceTree = "<group>"; };
		42F8D6671AD14DE90085DF6C /* NSView+Vibrancy.h */ = {isa = PBXFileReference; fileEncoding = 4; lastKnownFileType = sourcecode.c.h; path = "NSView+Vibrancy.h"; sourceTree = "<group>"; };
		42F8D6681AD14DE90085DF6C /* NSView+Vibrancy.m */ = {isa = PBXFileReference; fileEncoding = 4; lastKnownFileType = sourcecode.c.objc; path = "NSView+Vibrancy.m"; sourceTree = "<group>"; };
/* End PBXFileReference section */

/* Begin PBXFrameworksBuildPhase section */
		429422921B282681008A19F8 /* Frameworks */ = {
			isa = PBXFrameworksBuildPhase;
			buildActionMask = 2147483647;
			files = (
			);
			runOnlyForDeploymentPostprocessing = 0;
		};
		42E0A4441ACFBAB800890EA7 /* Frameworks */ = {
			isa = PBXFrameworksBuildPhase;
			buildActionMask = 2147483647;
			files = (
				429422891B268523008A19F8 /* SystemConfiguration.framework in Frameworks */,
				42E0A47A1ACFBD5500890EA7 /* Security.framework in Frameworks */,
			);
			runOnlyForDeploymentPostprocessing = 0;
		};
/* End PBXFrameworksBuildPhase section */

/* Begin PBXGroup section */
		427237B01AD7B01000BC072D /* Images */ = {
			isa = PBXGroup;
			children = (
				427237B11AD7B01F00BC072D /* ServerListGreenLight.png */,
				427237B21AD7B01F00BC072D /* ServerListGreenLight@2x.png */,
				427237B31AD7B01F00BC072D /* ServerListRedLight.png */,
				427237B41AD7B01F00BC072D /* ServerListRedLight@2x.png */,
				427237B51AD7B01F00BC072D /* ServerListYellowLight.png */,
				427237B61AD7B01F00BC072D /* ServerListYellowLight@2x.png */,
			);
			path = Images;
			sourceTree = "<group>";
		};
		427237BD1AD7B17400BC072D /* SMCellClickDetectingTableView */ = {
			isa = PBXGroup;
			children = (
				427237BE1AD7B18700BC072D /* SMUserEventDetectingTableView.h */,
				427237BF1AD7B18700BC072D /* SMUserEventDetectingTableView.m */,
			);
			path = SMCellClickDetectingTableView;
			sourceTree = "<group>";
		};
		42905AF21AD9A0CC00B12AD3 /* SMOnlyIntegerNumberFormatter */ = {
			isa = PBXGroup;
			children = (
				42905AF31AD9A0D900B12AD3 /* SMOnlyIntegerNumberFormatter.h */,
				42905AF41AD9A0D900B12AD3 /* SMOnlyIntegerNumberFormatter.m */,
			);
			path = SMOnlyIntegerNumberFormatter;
			sourceTree = "<group>";
		};
		429422801B25848D008A19F8 /* Manager */ = {
			isa = PBXGroup;
			children = (
				429422811B2584A6008A19F8 /* SystemPreferenceManager */,
			);
			path = Manager;
			sourceTree = "<group>";
		};
		429422811B2584A6008A19F8 /* SystemPreferenceManager */ = {
			isa = PBXGroup;
			children = (
				429422821B2584B8008A19F8 /* SMSystemPreferenceManager.h */,
				429422831B2584B8008A19F8 /* SMSystemPreferenceManager.m */,
			);
			path = SystemPreferenceManager;
			sourceTree = "<group>";
		};
		429422961B282681008A19F8 /* SSHMoleSystemConfigurationHelper */ = {
			isa = PBXGroup;
			children = (
				429422971B282681008A19F8 /* main.m */,
			);
			path = SSHMoleSystemConfigurationHelper;
			sourceTree = "<group>";
		};
		42CCF0A11AD3B3B200BE3841 /* SMServerConfigView */ = {
			isa = PBXGroup;
			children = (
				42CCF0A21AD3B3B200BE3841 /* SMServerConfigView.h */,
				42CCF0A31AD3B3B200BE3841 /* SMServerConfigView.m */,
			);
			path = SMServerConfigView;
			sourceTree = "<group>";
		};
		42CCF0A51AD3B3D200BE3841 /* SMServerListView */ = {
			isa = PBXGroup;
			children = (
				42CCF0A61AD3B3D200BE3841 /* SMServerListView.h */,
				42CCF0A71AD3B3D200BE3841 /* SMServerListView.m */,
			);
			path = SMServerListView;
			sourceTree = "<group>";
		};
		42D61B121AD15B480000CC58 /* SMServerConfigSplitController */ = {
			isa = PBXGroup;
			children = (
				42D61B131AD15B610000CC58 /* SMServerConfigSplitController.h */,
				42D61B141AD15B610000CC58 /* SMServerConfigSplitController.m */,
			);
			path = SMServerConfigSplitController;
			sourceTree = "<group>";
		};
		42E0A43E1ACFBAB800890EA7 = {
			isa = PBXGroup;
			children = (
				42E0A4881ACFC66B00890EA7 /* Helpers */,
				429422801B25848D008A19F8 /* Manager */,
				42E0A4721ACFBD2700890EA7 /* Model */,
				42E0A4731ACFBD2700890EA7 /* SSHTask */,
				42E0A4491ACFBAB800890EA7 /* SSHMole */,
				42E0A4741ACFBD3500890EA7 /* ThirdPartyLib */,
				429422961B282681008A19F8 /* SSHMoleSystemConfigurationHelper */,
				42E0A47B1ACFBD7700890EA7 /* Frameworks */,
				42E0A4481ACFBAB800890EA7 /* Products */,
			);
			sourceTree = "<group>";
		};
		42E0A4481ACFBAB800890EA7 /* Products */ = {
			isa = PBXGroup;
			children = (
				42E0A4471ACFBAB800890EA7 /* SSHMole.app */,
				429422951B282681008A19F8 /* SSHMoleSystemConfigurationHelper */,
			);
			name = Products;
			sourceTree = "<group>";
		};
		42E0A4491ACFBAB800890EA7 /* SSHMole */ = {
			isa = PBXGroup;
			children = (
				42BC34941ADCAE0E00A8BA66 /* SSHMole.entitlements */,
				42E0A44C1ACFBAB800890EA7 /* AppDelegate.h */,
				42E0A44D1ACFBAB800890EA7 /* AppDelegate.m */,
				42D61B121AD15B480000CC58 /* SMServerConfigSplitController */,
				42CCF0A51AD3B3D200BE3841 /* SMServerListView */,
				42CCF0A11AD3B3B200BE3841 /* SMServerConfigView */,
				427237B01AD7B01000BC072D /* Images */,
				42BC34C61ADFD1A100A8BA66 /* SSHMole.iconset */,
				42E0A4541ACFBAB800890EA7 /* Images.xcassets */,
				421E20C61AD1CF7B0042AD0E /* SSHCommand.sh */,
				42E0A4561ACFBAB800890EA7 /* Main.storyboard */,
				4262AF201AD17ADF00C54A2A /* ServerConfigView.xib */,
				42CCF0A91AD3C3CF00BE3841 /* ServerListTable.xib */,
				42E0A44A1ACFBAB800890EA7 /* Supporting Files */,
			);
			path = SSHMole;
			sourceTree = "<group>";
		};
		42E0A44A1ACFBAB800890EA7 /* Supporting Files */ = {
			isa = PBXGroup;
			children = (
				42E0A44B1ACFBAB800890EA7 /* Info.plist */,
				42E0A44F1ACFBAB800890EA7 /* main.m */,
			);
			name = "Supporting Files";
			sourceTree = "<group>";
		};
		42E0A4721ACFBD2700890EA7 /* Model */ = {
			isa = PBXGroup;
			children = (
				42E0A47C1ACFBDAA00890EA7 /* SMServerConfig.h */,
				42E0A47D1ACFBDAA00890EA7 /* SMServerConfig.m */,
				42E0A4821ACFC49400890EA7 /* SMServerConfigStorage.h */,
				42E0A4831ACFC49400890EA7 /* SMServerConfigStorage.m */,
			);
			path = Model;
			sourceTree = "<group>";
		};
		42E0A4731ACFBD2700890EA7 /* SSHTask */ = {
			isa = PBXGroup;
			children = (
				42E0A47F1ACFBDBA00890EA7 /* SMSSHTask.h */,
				42E0A4801ACFBDBA00890EA7 /* SMSSHTask.m */,
				42B2F0831AD2DF4B000977C4 /* SMSSHTaskManager.h */,
				42B2F0841AD2DF4B000977C4 /* SMSSHTaskManager.m */,
			);
			path = SSHTask;
			sourceTree = "<group>";
		};
		42E0A4741ACFBD3500890EA7 /* ThirdPartyLib */ = {
			isa = PBXGroup;
			children = (
				42E0A48C1AD0073500890EA7 /* YYYJsonParser */,
				42E0A4751ACFBD4700890EA7 /* SSKeychain */,
			);
			path = ThirdPartyLib;
			sourceTree = "<group>";
		};
		42E0A4751ACFBD4700890EA7 /* SSKeychain */ = {
			isa = PBXGroup;
			children = (
				42E0A4761ACFBD4700890EA7 /* SSKeychain.h */,
				42E0A4771ACFBD4700890EA7 /* SSKeychain.m */,
			);
			path = SSKeychain;
			sourceTree = "<group>";
		};
		42E0A47B1ACFBD7700890EA7 /* Frameworks */ = {
			isa = PBXGroup;
			children = (
				429422881B268523008A19F8 /* SystemConfiguration.framework */,
				42E0A4791ACFBD5500890EA7 /* Security.framework */,
			);
			name = Frameworks;
			path = SSHMoleTests;
			sourceTree = "<group>";
		};
		42E0A4881ACFC66B00890EA7 /* Helpers */ = {
			isa = PBXGroup;
			children = (
				42905AF21AD9A0CC00B12AD3 /* SMOnlyIntegerNumberFormatter */,
				42F8D6661AD14DC80085DF6C /* NSView+Vibrancy */,
				42F8D6621AD14D400085DF6C /* SMUUIDHelper */,
				427237BD1AD7B17400BC072D /* SMCellClickDetectingTableView */,
			);
			path = Helpers;
			sourceTree = "<group>";
		};
		42E0A48C1AD0073500890EA7 /* YYYJsonParser */ = {
			isa = PBXGroup;
			children = (
				42E0A48D1AD0073500890EA7 /* YYYJsonParser.h */,
				42E0A48E1AD0073500890EA7 /* YYYJsonParser.m */,
			);
			path = YYYJsonParser;
			sourceTree = "<group>";
		};
		42F8D6621AD14D400085DF6C /* SMUUIDHelper */ = {
			isa = PBXGroup;
			children = (
				42F8D6631AD14D400085DF6C /* SMUUIDHelper.h */,
				42F8D6641AD14D400085DF6C /* SMUUIDHelper.m */,
			);
			path = SMUUIDHelper;
			sourceTree = "<group>";
		};
		42F8D6661AD14DC80085DF6C /* NSView+Vibrancy */ = {
			isa = PBXGroup;
			children = (
				42F8D6671AD14DE90085DF6C /* NSView+Vibrancy.h */,
				42F8D6681AD14DE90085DF6C /* NSView+Vibrancy.m */,
			);
			path = "NSView+Vibrancy";
			sourceTree = "<group>";
		};
/* End PBXGroup section */

/* Begin PBXNativeTarget section */
		429422941B282681008A19F8 /* SSHMoleSystemConfigurationHelper */ = {
			isa = PBXNativeTarget;
			buildConfigurationList = 429422991B282681008A19F8 /* Build configuration list for PBXNativeTarget "SSHMoleSystemConfigurationHelper" */;
			buildPhases = (
				429422911B282681008A19F8 /* Sources */,
				429422921B282681008A19F8 /* Frameworks */,
				429422931B282681008A19F8 /* CopyFiles */,
			);
			buildRules = (
			);
			dependencies = (
			);
			name = SSHMoleSystemConfigurationHelper;
			productName = SSHMoleSystemConfigurationHelper;
			productReference = 429422951B282681008A19F8 /* SSHMoleSystemConfigurationHelper */;
			productType = "com.apple.product-type.tool";
		};
		42E0A4461ACFBAB800890EA7 /* SSHMole */ = {
			isa = PBXNativeTarget;
			buildConfigurationList = 42E0A4671ACFBAB800890EA7 /* Build configuration list for PBXNativeTarget "SSHMole" */;
			buildPhases = (
				42E0A4431ACFBAB800890EA7 /* Sources */,
				42E0A4441ACFBAB800890EA7 /* Frameworks */,
				42E0A4451ACFBAB800890EA7 /* Resources */,
			);
			buildRules = (
			);
			dependencies = (
			);
			name = SSHMole;
			productName = SSHMole;
			productReference = 42E0A4471ACFBAB800890EA7 /* SSHMole.app */;
			productType = "com.apple.product-type.application";
		};
/* End PBXNativeTarget section */

/* Begin PBXProject section */
		42E0A43F1ACFBAB800890EA7 /* Project object */ = {
			isa = PBXProject;
			attributes = {
				LastUpgradeCheck = 0620;
				ORGANIZATIONNAME = openthread;
				TargetAttributes = {
					429422941B282681008A19F8 = {
						CreatedOnToolsVersion = 6.3.2;
					};
					42E0A4461ACFBAB800890EA7 = {
						CreatedOnToolsVersion = 6.2;
						SystemCapabilities = {
							com.apple.Sandbox = {
								enabled = 0;
							};
						};
					};
				};
			};
			buildConfigurationList = 42E0A4421ACFBAB800890EA7 /* Build configuration list for PBXProject "SSHMole" */;
			compatibilityVersion = "Xcode 3.2";
			developmentRegion = English;
			hasScannedForEncodings = 0;
			knownRegions = (
				en,
				Base,
			);
			mainGroup = 42E0A43E1ACFBAB800890EA7;
			productRefGroup = 42E0A4481ACFBAB800890EA7 /* Products */;
			projectDirPath = "";
			projectRoot = "";
			targets = (
				42E0A4461ACFBAB800890EA7 /* SSHMole */,
				429422941B282681008A19F8 /* SSHMoleSystemConfigurationHelper */,
			);
		};
/* End PBXProject section */

/* Begin PBXResourcesBuildPhase section */
		42E0A4451ACFBAB800890EA7 /* Resources */ = {
			isa = PBXResourcesBuildPhase;
			buildActionMask = 2147483647;
			files = (
				4262AF211AD17ADF00C54A2A /* ServerConfigView.xib in Resources */,
				42E0A4551ACFBAB800890EA7 /* Images.xcassets in Resources */,
				427237B81AD7B01F00BC072D /* ServerListGreenLight@2x.png in Resources */,
				427237BC1AD7B01F00BC072D /* ServerListYellowLight@2x.png in Resources */,
				42CCF0AA1AD3C3CF00BE3841 /* ServerListTable.xib in Resources */,
				427237B71AD7B01F00BC072D /* ServerListGreenLight.png in Resources */,
				42E0A4581ACFBAB800890EA7 /* Main.storyboard in Resources */,
				421E20C71AD1CF7B0042AD0E /* SSHCommand.sh in Resources */,
				427237B91AD7B01F00BC072D /* ServerListRedLight.png in Resources */,
				42BC34C71ADFD1A100A8BA66 /* SSHMole.iconset in Resources */,
				427237BA1AD7B01F00BC072D /* ServerListRedLight@2x.png in Resources */,
				427237BB1AD7B01F00BC072D /* ServerListYellowLight.png in Resources */,
			);
			runOnlyForDeploymentPostprocessing = 0;
		};
/* End PBXResourcesBuildPhase section */

/* Begin PBXSourcesBuildPhase section */
		429422911B282681008A19F8 /* Sources */ = {
			isa = PBXSourcesBuildPhase;
			buildActionMask = 2147483647;
			files = (
				429422981B282681008A19F8 /* main.m in Sources */,
			);
			runOnlyForDeploymentPostprocessing = 0;
		};
		42E0A4431ACFBAB800890EA7 /* Sources */ = {
			isa = PBXSourcesBuildPhase;
			buildActionMask = 2147483647;
			files = (
				42B2F0851AD2DF4B000977C4 /* SMSSHTaskManager.m in Sources */,
				42E0A47E1ACFBDAA00890EA7 /* SMServerConfig.m in Sources */,
				42E0A4811ACFBDBA00890EA7 /* SMSSHTask.m in Sources */,
				42E0A48F1AD0073500890EA7 /* YYYJsonParser.m in Sources */,
				42E0A4781ACFBD4700890EA7 /* SSKeychain.m in Sources */,
				429422841B2584B8008A19F8 /* SMSystemPreferenceManager.m in Sources */,
				42F8D6691AD14DE90085DF6C /* NSView+Vibrancy.m in Sources */,
				42F8D6651AD14D400085DF6C /* SMUUIDHelper.m in Sources */,
				42E0A4501ACFBAB800890EA7 /* main.m in Sources */,
				427237C01AD7B18700BC072D /* SMUserEventDetectingTableView.m in Sources */,
				42905AF51AD9A0D900B12AD3 /* SMOnlyIntegerNumberFormatter.m in Sources */,
				42E0A44E1ACFBAB800890EA7 /* AppDelegate.m in Sources */,
				42E0A4841ACFC49400890EA7 /* SMServerConfigStorage.m in Sources */,
				42CCF0A41AD3B3B200BE3841 /* SMServerConfigView.m in Sources */,
				42D61B151AD15B610000CC58 /* SMServerConfigSplitController.m in Sources */,
				42CCF0A81AD3B3D200BE3841 /* SMServerListView.m in Sources */,
			);
			runOnlyForDeploymentPostprocessing = 0;
		};
/* End PBXSourcesBuildPhase section */

/* Begin PBXVariantGroup section */
		42E0A4561ACFBAB800890EA7 /* Main.storyboard */ = {
			isa = PBXVariantGroup;
			children = (
				42E0A4571ACFBAB800890EA7 /* Base */,
			);
			name = Main.storyboard;
			sourceTree = "<group>";
		};
/* End PBXVariantGroup section */

/* Begin XCBuildConfiguration section */
		4294229A1B282681008A19F8 /* Debug */ = {
			isa = XCBuildConfiguration;
			buildSettings = {
				DEBUG_INFORMATION_FORMAT = dwarf;
				GCC_NO_COMMON_BLOCKS = YES;
				GCC_PREPROCESSOR_DEFINITIONS = (
					"DEBUG=1",
					"$(inherited)",
				);
				PRODUCT_NAME = "$(TARGET_NAME)";
			};
			name = Debug;
		};
		4294229B1B282681008A19F8 /* Release */ = {
			isa = XCBuildConfiguration;
			buildSettings = {
				GCC_NO_COMMON_BLOCKS = YES;
				PRODUCT_NAME = "$(TARGET_NAME)";
			};
			name = Release;
		};
		42E0A4651ACFBAB800890EA7 /* Debug */ = {
			isa = XCBuildConfiguration;
			buildSettings = {
				ALWAYS_SEARCH_USER_PATHS = NO;
				CLANG_CXX_LANGUAGE_STANDARD = "gnu++0x";
				CLANG_CXX_LIBRARY = "libc++";
				CLANG_ENABLE_MODULES = YES;
				CLANG_ENABLE_OBJC_ARC = YES;
				CLANG_WARN_BOOL_CONVERSION = YES;
				CLANG_WARN_CONSTANT_CONVERSION = YES;
				CLANG_WARN_DIRECT_OBJC_ISA_USAGE = YES_ERROR;
				CLANG_WARN_EMPTY_BODY = YES;
				CLANG_WARN_ENUM_CONVERSION = YES;
				CLANG_WARN_INT_CONVERSION = YES;
				CLANG_WARN_OBJC_ROOT_CLASS = YES_ERROR;
				CLANG_WARN_UNREACHABLE_CODE = YES;
				CLANG_WARN__DUPLICATE_METHOD_MATCH = YES;
				CODE_SIGN_IDENTITY = "-";
				COPY_PHASE_STRIP = NO;
				ENABLE_STRICT_OBJC_MSGSEND = YES;
				GCC_C_LANGUAGE_STANDARD = gnu99;
				GCC_DYNAMIC_NO_PIC = NO;
				GCC_OPTIMIZATION_LEVEL = 0;
				GCC_PREPROCESSOR_DEFINITIONS = (
					"DEBUG=1",
					"$(inherited)",
				);
				GCC_SYMBOLS_PRIVATE_EXTERN = NO;
				GCC_WARN_64_TO_32_BIT_CONVERSION = YES;
				GCC_WARN_ABOUT_RETURN_TYPE = YES_ERROR;
				GCC_WARN_UNDECLARED_SELECTOR = YES;
				GCC_WARN_UNINITIALIZED_AUTOS = YES_AGGRESSIVE;
				GCC_WARN_UNUSED_FUNCTION = YES;
				GCC_WARN_UNUSED_VARIABLE = YES;
				MACOSX_DEPLOYMENT_TARGET = 10.10;
				MTL_ENABLE_DEBUG_INFO = YES;
				ONLY_ACTIVE_ARCH = YES;
				SDKROOT = macosx;
			};
			name = Debug;
		};
		42E0A4661ACFBAB800890EA7 /* Release */ = {
			isa = XCBuildConfiguration;
			buildSettings = {
				ALWAYS_SEARCH_USER_PATHS = NO;
				CLANG_CXX_LANGUAGE_STANDARD = "gnu++0x";
				CLANG_CXX_LIBRARY = "libc++";
				CLANG_ENABLE_MODULES = YES;
				CLANG_ENABLE_OBJC_ARC = YES;
				CLANG_WARN_BOOL_CONVERSION = YES;
				CLANG_WARN_CONSTANT_CONVERSION = YES;
				CLANG_WARN_DIRECT_OBJC_ISA_USAGE = YES_ERROR;
				CLANG_WARN_EMPTY_BODY = YES;
				CLANG_WARN_ENUM_CONVERSION = YES;
				CLANG_WARN_INT_CONVERSION = YES;
				CLANG_WARN_OBJC_ROOT_CLASS = YES_ERROR;
				CLANG_WARN_UNREACHABLE_CODE = YES;
				CLANG_WARN__DUPLICATE_METHOD_MATCH = YES;
				CODE_SIGN_IDENTITY = "-";
				COPY_PHASE_STRIP = NO;
				DEBUG_INFORMATION_FORMAT = "dwarf-with-dsym";
				ENABLE_NS_ASSERTIONS = NO;
				ENABLE_STRICT_OBJC_MSGSEND = YES;
				GCC_C_LANGUAGE_STANDARD = gnu99;
				GCC_WARN_64_TO_32_BIT_CONVERSION = YES;
				GCC_WARN_ABOUT_RETURN_TYPE = YES_ERROR;
				GCC_WARN_UNDECLARED_SELECTOR = YES;
				GCC_WARN_UNINITIALIZED_AUTOS = YES_AGGRESSIVE;
				GCC_WARN_UNUSED_FUNCTION = YES;
				GCC_WARN_UNUSED_VARIABLE = YES;
				MACOSX_DEPLOYMENT_TARGET = 10.10;
				MTL_ENABLE_DEBUG_INFO = NO;
				SDKROOT = macosx;
			};
			name = Release;
		};
		42E0A4681ACFBAB800890EA7 /* Debug */ = {
			isa = XCBuildConfiguration;
			buildSettings = {
				ASSETCATALOG_COMPILER_APPICON_NAME = AppIcon;
				COMBINE_HIDPI_IMAGES = YES;
				INFOPLIST_FILE = SSHMole/Info.plist;
				LD_RUNPATH_SEARCH_PATHS = "$(inherited) @executable_path/../Frameworks";
				MACOSX_DEPLOYMENT_TARGET = 10.10;
				PRODUCT_NAME = "$(TARGET_NAME)";
			};
			name = Debug;
		};
		42E0A4691ACFBAB800890EA7 /* Release */ = {
			isa = XCBuildConfiguration;
			buildSettings = {
				ASSETCATALOG_COMPILER_APPICON_NAME = AppIcon;
				COMBINE_HIDPI_IMAGES = YES;
				INFOPLIST_FILE = SSHMole/Info.plist;
				LD_RUNPATH_SEARCH_PATHS = "$(inherited) @executable_path/../Frameworks";
				MACOSX_DEPLOYMENT_TARGET = 10.10;
				PRODUCT_NAME = "$(TARGET_NAME)";
			};
			name = Release;
		};
/* End XCBuildConfiguration section */

/* Begin XCConfigurationList section */
		429422991B282681008A19F8 /* Build configuration list for PBXNativeTarget "SSHMoleSystemConfigurationHelper" */ = {
			isa = XCConfigurationList;
			buildConfigurations = (
				4294229A1B282681008A19F8 /* Debug */,
				4294229B1B282681008A19F8 /* Release */,
			);
			defaultConfigurationIsVisible = 0;
		};
		42E0A4421ACFBAB800890EA7 /* Build configuration list for PBXProject "SSHMole" */ = {
			isa = XCConfigurationList;
			buildConfigurations = (
				42E0A4651ACFBAB800890EA7 /* Debug */,
				42E0A4661ACFBAB800890EA7 /* Release */,
			);
			defaultConfigurationIsVisible = 0;
			defaultConfigurationName = Release;
		};
		42E0A4671ACFBAB800890EA7 /* Build configuration list for PBXNativeTarget "SSHMole" */ = {
			isa = XCConfigurationList;
			buildConfigurations = (
				42E0A4681ACFBAB800890EA7 /* Debug */,
				42E0A4691ACFBAB800890EA7 /* Release */,
			);
			defaultConfigurationIsVisible = 0;
			defaultConfigurationName = Release;
		};
/* End XCConfigurationList section */
	};
	rootObject = 42E0A43F1ACFBAB800890EA7 /* Project object */;
}
